// !$*UTF8*$!
{
	archiveVersion = 1;
	classes = {
	};
	objectVersion = 50;
	objects = {

/* Begin PBXBuildFile section */
		757DDA3422006680002B29D5 /* GoogleDocsSpreadsheetAPIClient.swift in Sources */ = {isa = PBXBuildFile; fileRef = 757DDA3322006680002B29D5 /* GoogleDocsSpreadsheetAPIClient.swift */; };
		757DDA3622007233002B29D5 /* GoogleDocsServiceLayer.swift in Sources */ = {isa = PBXBuildFile; fileRef = 757DDA3522007233002B29D5 /* GoogleDocsServiceLayer.swift */; };
		757DDA392200815D002B29D5 /* DispatchQueue+Helper.swift in Sources */ = {isa = PBXBuildFile; fileRef = 757DDA382200815C002B29D5 /* DispatchQueue+Helper.swift */; };
		75B2A0F9222D4677004CBF8E /* Archimage.swift in Sources */ = {isa = PBXBuildFile; fileRef = 75B2A0F8222D4677004CBF8E /* Archimage.swift */; };
		75B434362237C6A300B8B6DC /* SmartJSONAdapter.swift in Sources */ = {isa = PBXBuildFile; fileRef = 75B434352237C6A300B8B6DC /* SmartJSONAdapter.swift */; };
		75B7229321FB22370004F75B /* Settings.swift in Sources */ = {isa = PBXBuildFile; fileRef = 75B7229221FB22370004F75B /* Settings.swift */; };
		75B7229A21FB2A760004F75B /* BaseController.swift in Sources */ = {isa = PBXBuildFile; fileRef = 75B7229921FB2A760004F75B /* BaseController.swift */; };
		75B7229C21FB2A8E0004F75B /* CityInfoController.swift in Sources */ = {isa = PBXBuildFile; fileRef = 75B7229B21FB2A8E0004F75B /* CityInfoController.swift */; };
		75B7229F21FB2AD00004F75B /* EndingsViewController.swift in Sources */ = {isa = PBXBuildFile; fileRef = 75B7229E21FB2AD00004F75B /* EndingsViewController.swift */; };
		75B722A121FB2ADF0004F75B /* IntroViewController.swift in Sources */ = {isa = PBXBuildFile; fileRef = 75B722A021FB2ADF0004F75B /* IntroViewController.swift */; };
		75B722A821FB2F4D0004F75B /* BaseGameController.swift in Sources */ = {isa = PBXBuildFile; fileRef = 75B722A721FB2F4D0004F75B /* BaseGameController.swift */; };
		75B722AA21FB2F790004F75B /* LandingController.swift in Sources */ = {isa = PBXBuildFile; fileRef = 75B722A921FB2F790004F75B /* LandingController.swift */; };
		75B722AC21FB2FB10004F75B /* CityDangerController.swift in Sources */ = {isa = PBXBuildFile; fileRef = 75B722AB21FB2FB10004F75B /* CityDangerController.swift */; };
		75B722AE21FB2FD30004F75B /* DangerProgressController.swift in Sources */ = {isa = PBXBuildFile; fileRef = 75B722AD21FB2FD30004F75B /* DangerProgressController.swift */; };
		75B722B021FB2FF20004F75B /* DangerResultController.swift in Sources */ = {isa = PBXBuildFile; fileRef = 75B722AF21FB2FF20004F75B /* DangerResultController.swift */; };
		75B722B221FB307D0004F75B /* LibraryController.swift in Sources */ = {isa = PBXBuildFile; fileRef = 75B722B121FB307D0004F75B /* LibraryController.swift */; };
		75B722B421FB30B10004F75B /* EventController.swift in Sources */ = {isa = PBXBuildFile; fileRef = 75B722B321FB30B10004F75B /* EventController.swift */; };
		75B722B621FB30D80004F75B /* EventResultController.swift in Sources */ = {isa = PBXBuildFile; fileRef = 75B722B521FB30D80004F75B /* EventResultController.swift */; };
		75B722B921FF3BBE0004F75B /* SettingsController.swift in Sources */ = {isa = PBXBuildFile; fileRef = 75B722B821FF3BBE0004F75B /* SettingsController.swift */; };
		75B722BB21FF3BF10004F75B /* Settings.storyboard in Resources */ = {isa = PBXBuildFile; fileRef = 75B722BA21FF3BF10004F75B /* Settings.storyboard */; };
		75B722BE21FF410B0004F75B /* SettingsCell.swift in Sources */ = {isa = PBXBuildFile; fileRef = 75B722BD21FF410B0004F75B /* SettingsCell.swift */; };
		75B722C32200482D0004F75B /* GDBModel.swift in Sources */ = {isa = PBXBuildFile; fileRef = 75B722C22200482D0004F75B /* GDBModel.swift */; };
		75B722C522004C150004F75B /* GDBSheet.swift in Sources */ = {isa = PBXBuildFile; fileRef = 75B722C422004C150004F75B /* GDBSheet.swift */; };
		75C133DE21F5BE4A00AD796C /* AppDelegate.swift in Sources */ = {isa = PBXBuildFile; fileRef = 75C133DD21F5BE4A00AD796C /* AppDelegate.swift */; };
		75C133F821F5DDFB00AD796C /* R.generated.swift in Sources */ = {isa = PBXBuildFile; fileRef = 75C133F721F5DDFB00AD796C /* R.generated.swift */; };
		75C1340121F5DE1B00AD796C /* Assets.xcassets in Resources */ = {isa = PBXBuildFile; fileRef = 75C133FE21F5DE1A00AD796C /* Assets.xcassets */; };
		75C1340721F5DE3500AD796C /* LaunchScreen.storyboard in Resources */ = {isa = PBXBuildFile; fileRef = 75C1340321F5DE3500AD796C /* LaunchScreen.storyboard */; };
		75C1340821F5DE3500AD796C /* Main.storyboard in Resources */ = {isa = PBXBuildFile; fileRef = 75C1340521F5DE3500AD796C /* Main.storyboard */; };
		75C1341E21F5E1D600AD796C /* DomCasual.ttf in Resources */ = {isa = PBXBuildFile; fileRef = 75C1340A21F5E1D500AD796C /* DomCasual.ttf */; };
		75C1341F21F5E1D600AD796C /* Lasco-Regular.otf in Resources */ = {isa = PBXBuildFile; fileRef = 75C1340B21F5E1D500AD796C /* Lasco-Regular.otf */; };
		75C1342021F5E1D600AD796C /* Lasco-Bold.otf in Resources */ = {isa = PBXBuildFile; fileRef = 75C1340C21F5E1D500AD796C /* Lasco-Bold.otf */; };
		75C1342121F5E1D600AD796C /* battle_win.wav in Resources */ = {isa = PBXBuildFile; fileRef = 75C1340E21F5E1D500AD796C /* battle_win.wav */; };
		75C1342221F5E1D600AD796C /* time_ticking.wav in Resources */ = {isa = PBXBuildFile; fileRef = 75C1340F21F5E1D500AD796C /* time_ticking.wav */; };
		75C1342321F5E1D600AD796C /* battle_loosing.wav in Resources */ = {isa = PBXBuildFile; fileRef = 75C1341021F5E1D500AD796C /* battle_loosing.wav */; };
		75C1342421F5E1D600AD796C /* casting.m4a in Resources */ = {isa = PBXBuildFile; fileRef = 75C1341121F5E1D500AD796C /* casting.m4a */; };
		75C1342521F5E1D600AD796C /* danger_happen.wav in Resources */ = {isa = PBXBuildFile; fileRef = 75C1341221F5E1D500AD796C /* danger_happen.wav */; };
		75C1342621F5E1D600AD796C /* main_music.mp3 in Resources */ = {isa = PBXBuildFile; fileRef = 75C1341321F5E1D500AD796C /* main_music.mp3 */; };
		75C1342721F5E1D600AD796C /* Constants.json in Resources */ = {isa = PBXBuildFile; fileRef = 75C1341521F5E1D500AD796C /* Constants.json */; };
		75C1342821F5E1D600AD796C /* Replies.json in Resources */ = {isa = PBXBuildFile; fileRef = 75C1341621F5E1D500AD796C /* Replies.json */; };
		75C1342921F5E1D600AD796C /* Events.json in Resources */ = {isa = PBXBuildFile; fileRef = 75C1341721F5E1D500AD796C /* Events.json */; };
		75C1342A21F5E1D600AD796C /* Disasters.json in Resources */ = {isa = PBXBuildFile; fileRef = 75C1341821F5E1D500AD796C /* Disasters.json */; };
		75C1342B21F5E1D600AD796C /* EventReplies.json in Resources */ = {isa = PBXBuildFile; fileRef = 75C1341921F5E1D500AD796C /* EventReplies.json */; };
		75C1342C21F5E1D600AD796C /* Endings.json in Resources */ = {isa = PBXBuildFile; fileRef = 75C1341A21F5E1D500AD796C /* Endings.json */; };
		75C1342D21F5E1D600AD796C /* Library.json in Resources */ = {isa = PBXBuildFile; fileRef = 75C1341B21F5E1D500AD796C /* Library.json */; };
		75C1342E21F5E1D600AD796C /* Archimags.json in Resources */ = {isa = PBXBuildFile; fileRef = 75C1341C21F5E1D500AD796C /* Archimags.json */; };
		75C1342F21F5E1D600AD796C /* Cities.json in Resources */ = {isa = PBXBuildFile; fileRef = 75C1341D21F5E1D500AD796C /* Cities.json */; };
		75C1343121F5E3CD00AD796C /* Constants.swift in Sources */ = {isa = PBXBuildFile; fileRef = 75C1343021F5E3CD00AD796C /* Constants.swift */; };
		75C1343321F5EA1F00AD796C /* QuartzCore.framework in Frameworks */ = {isa = PBXBuildFile; fileRef = 75C1343221F5EA1F00AD796C /* QuartzCore.framework */; };
		75C1343521F5EA2400AD796C /* SpriteKit.framework in Frameworks */ = {isa = PBXBuildFile; fileRef = 75C1343421F5EA2400AD796C /* SpriteKit.framework */; };
		75C1343721F5ED0B00AD796C /* Popups.storyboard in Resources */ = {isa = PBXBuildFile; fileRef = 75C1343621F5ED0B00AD796C /* Popups.storyboard */; };
		75C1343921F5ED2700AD796C /* IntroEnding.storyboard in Resources */ = {isa = PBXBuildFile; fileRef = 75C1343821F5ED2700AD796C /* IntroEnding.storyboard */; };
		D52D90C6223EF3AE002B6A49 /* ProgressBarView.swift in Sources */ = {isa = PBXBuildFile; fileRef = D52D90C5223EF3AE002B6A49 /* ProgressBarView.swift */; };
		D539C787222DD105004390E0 /* Ending.swift in Sources */ = {isa = PBXBuildFile; fileRef = D539C786222DD105004390E0 /* Ending.swift */; };
		D539C789222DD1A7004390E0 /* Event.swift in Sources */ = {isa = PBXBuildFile; fileRef = D539C788222DD1A7004390E0 /* Event.swift */; };
		D539C78B222DD596004390E0 /* EventAbility.swift in Sources */ = {isa = PBXBuildFile; fileRef = D539C78A222DD596004390E0 /* EventAbility.swift */; };
		D561C00A223FFF29001A22D5 /* ColourfulProgressView.swift in Sources */ = {isa = PBXBuildFile; fileRef = D561C009223FFF29001A22D5 /* ColourfulProgressView.swift */; };
		D5630F6B2200FE0F003565C1 /* GameConstant.swift in Sources */ = {isa = PBXBuildFile; fileRef = D5630F6A2200FE0F003565C1 /* GameConstant.swift */; };
		D5630F6F220102A7003565C1 /* Game.swift in Sources */ = {isa = PBXBuildFile; fileRef = D5630F6E220102A7003565C1 /* Game.swift */; };
		D5630F7122010632003565C1 /* Player.swift in Sources */ = {isa = PBXBuildFile; fileRef = D5630F7022010632003565C1 /* Player.swift */; };
		D5630F7922010C8A003565C1 /* Constant.swift in Sources */ = {isa = PBXBuildFile; fileRef = D5630F7522010C8A003565C1 /* Constant.swift */; };
		D5630F7A22010C8A003565C1 /* Danger.swift in Sources */ = {isa = PBXBuildFile; fileRef = D5630F7622010C8A003565C1 /* Danger.swift */; };
		D5630F7B22010C8A003565C1 /* Ability.swift in Sources */ = {isa = PBXBuildFile; fileRef = D5630F7722010C8A003565C1 /* Ability.swift */; };
		D5630F7C22010C8A003565C1 /* GoogleBaseModel.swift in Sources */ = {isa = PBXBuildFile; fileRef = D5630F7822010C8A003565C1 /* GoogleBaseModel.swift */; };
		D5630F7E22010CA1003565C1 /* DangerResult.swift in Sources */ = {isa = PBXBuildFile; fileRef = D5630F7D22010CA1003565C1 /* DangerResult.swift */; };
		D5630F8022011072003565C1 /* City.swift in Sources */ = {isa = PBXBuildFile; fileRef = D5630F7F22011072003565C1 /* City.swift */; };
		D5B91A25223286510019F592 /* LibraryItem.swift in Sources */ = {isa = PBXBuildFile; fileRef = D5B91A24223286510019F592 /* LibraryItem.swift */; };
		D5B91A2722330B620019F592 /* GoogleTable.swift in Sources */ = {isa = PBXBuildFile; fileRef = D5B91A2622330B620019F592 /* GoogleTable.swift */; };
		E2A69087F58D1EFDB4ED2B3B /* Pods_Calamity.framework in Frameworks */ = {isa = PBXBuildFile; fileRef = DA9FDFCEC2BD1B7D7285645E /* Pods_Calamity.framework */; };
/* End PBXBuildFile section */

/* Begin PBXFileReference section */
		3FCF4EB8DF017CE5D6E1736C /* Pods-Calamity.release.xcconfig */ = {isa = PBXFileReference; includeInIndex = 1; lastKnownFileType = text.xcconfig; name = "Pods-Calamity.release.xcconfig"; path = "Pods/Target Support Files/Pods-Calamity/Pods-Calamity.release.xcconfig"; sourceTree = "<group>"; };
		757DDA3322006680002B29D5 /* GoogleDocsSpreadsheetAPIClient.swift */ = {isa = PBXFileReference; lastKnownFileType = sourcecode.swift; path = GoogleDocsSpreadsheetAPIClient.swift; sourceTree = "<group>"; };
		757DDA3522007233002B29D5 /* GoogleDocsServiceLayer.swift */ = {isa = PBXFileReference; lastKnownFileType = sourcecode.swift; path = GoogleDocsServiceLayer.swift; sourceTree = "<group>"; };
		757DDA382200815C002B29D5 /* DispatchQueue+Helper.swift */ = {isa = PBXFileReference; fileEncoding = 4; lastKnownFileType = sourcecode.swift; path = "DispatchQueue+Helper.swift"; sourceTree = "<group>"; };
		75B2A0F8222D4677004CBF8E /* Archimage.swift */ = {isa = PBXFileReference; lastKnownFileType = sourcecode.swift; path = Archimage.swift; sourceTree = "<group>"; };
		75B434352237C6A300B8B6DC /* SmartJSONAdapter.swift */ = {isa = PBXFileReference; lastKnownFileType = sourcecode.swift; path = SmartJSONAdapter.swift; sourceTree = "<group>"; };
		75B7229221FB22370004F75B /* Settings.swift */ = {isa = PBXFileReference; fileEncoding = 4; lastKnownFileType = sourcecode.swift; path = Settings.swift; sourceTree = "<group>"; };
		75B7229921FB2A760004F75B /* BaseController.swift */ = {isa = PBXFileReference; lastKnownFileType = sourcecode.swift; path = BaseController.swift; sourceTree = "<group>"; };
		75B7229B21FB2A8E0004F75B /* CityInfoController.swift */ = {isa = PBXFileReference; lastKnownFileType = sourcecode.swift; path = CityInfoController.swift; sourceTree = "<group>"; };
		75B7229E21FB2AD00004F75B /* EndingsViewController.swift */ = {isa = PBXFileReference; lastKnownFileType = sourcecode.swift; path = EndingsViewController.swift; sourceTree = "<group>"; };
		75B722A021FB2ADF0004F75B /* IntroViewController.swift */ = {isa = PBXFileReference; lastKnownFileType = sourcecode.swift; path = IntroViewController.swift; sourceTree = "<group>"; };
		75B722A721FB2F4D0004F75B /* BaseGameController.swift */ = {isa = PBXFileReference; lastKnownFileType = sourcecode.swift; path = BaseGameController.swift; sourceTree = "<group>"; };
		75B722A921FB2F790004F75B /* LandingController.swift */ = {isa = PBXFileReference; lastKnownFileType = sourcecode.swift; path = LandingController.swift; sourceTree = "<group>"; };
		75B722AB21FB2FB10004F75B /* CityDangerController.swift */ = {isa = PBXFileReference; lastKnownFileType = sourcecode.swift; path = CityDangerController.swift; sourceTree = "<group>"; };
		75B722AD21FB2FD30004F75B /* DangerProgressController.swift */ = {isa = PBXFileReference; lastKnownFileType = sourcecode.swift; path = DangerProgressController.swift; sourceTree = "<group>"; };
		75B722AF21FB2FF20004F75B /* DangerResultController.swift */ = {isa = PBXFileReference; lastKnownFileType = sourcecode.swift; path = DangerResultController.swift; sourceTree = "<group>"; };
		75B722B121FB307D0004F75B /* LibraryController.swift */ = {isa = PBXFileReference; lastKnownFileType = sourcecode.swift; path = LibraryController.swift; sourceTree = "<group>"; };
		75B722B321FB30B10004F75B /* EventController.swift */ = {isa = PBXFileReference; lastKnownFileType = sourcecode.swift; path = EventController.swift; sourceTree = "<group>"; };
		75B722B521FB30D80004F75B /* EventResultController.swift */ = {isa = PBXFileReference; lastKnownFileType = sourcecode.swift; path = EventResultController.swift; sourceTree = "<group>"; };
		75B722B821FF3BBE0004F75B /* SettingsController.swift */ = {isa = PBXFileReference; lastKnownFileType = sourcecode.swift; path = SettingsController.swift; sourceTree = "<group>"; };
		75B722BA21FF3BF10004F75B /* Settings.storyboard */ = {isa = PBXFileReference; lastKnownFileType = file.storyboard; path = Settings.storyboard; sourceTree = "<group>"; };
		75B722BD21FF410B0004F75B /* SettingsCell.swift */ = {isa = PBXFileReference; lastKnownFileType = sourcecode.swift; path = SettingsCell.swift; sourceTree = "<group>"; };
		75B722C22200482D0004F75B /* GDBModel.swift */ = {isa = PBXFileReference; lastKnownFileType = sourcecode.swift; path = GDBModel.swift; sourceTree = "<group>"; };
		75B722C422004C150004F75B /* GDBSheet.swift */ = {isa = PBXFileReference; lastKnownFileType = sourcecode.swift; path = GDBSheet.swift; sourceTree = "<group>"; };
		75C133DA21F5BE4A00AD796C /* Calamity.app */ = {isa = PBXFileReference; explicitFileType = wrapper.application; includeInIndex = 0; path = Calamity.app; sourceTree = BUILT_PRODUCTS_DIR; };
		75C133DD21F5BE4A00AD796C /* AppDelegate.swift */ = {isa = PBXFileReference; lastKnownFileType = sourcecode.swift; path = AppDelegate.swift; sourceTree = "<group>"; };
		75C133F321F5DAD400AD796C /* Info.plist */ = {isa = PBXFileReference; fileEncoding = 4; lastKnownFileType = text.plist.xml; path = Info.plist; sourceTree = "<group>"; };
		75C133F721F5DDFB00AD796C /* R.generated.swift */ = {isa = PBXFileReference; fileEncoding = 4; lastKnownFileType = sourcecode.swift; path = R.generated.swift; sourceTree = SOURCE_ROOT; };
		75C133FE21F5DE1A00AD796C /* Assets.xcassets */ = {isa = PBXFileReference; lastKnownFileType = folder.assetcatalog; path = Assets.xcassets; sourceTree = "<group>"; };
		75C1340421F5DE3500AD796C /* Base */ = {isa = PBXFileReference; lastKnownFileType = file.storyboard; name = Base; path = Base.lproj/LaunchScreen.storyboard; sourceTree = "<group>"; };
		75C1340621F5DE3500AD796C /* Base */ = {isa = PBXFileReference; lastKnownFileType = file.storyboard; name = Base; path = Base.lproj/Main.storyboard; sourceTree = "<group>"; };
		75C1340A21F5E1D500AD796C /* DomCasual.ttf */ = {isa = PBXFileReference; lastKnownFileType = file; path = DomCasual.ttf; sourceTree = "<group>"; };
		75C1340B21F5E1D500AD796C /* Lasco-Regular.otf */ = {isa = PBXFileReference; lastKnownFileType = file; path = "Lasco-Regular.otf"; sourceTree = "<group>"; };
		75C1340C21F5E1D500AD796C /* Lasco-Bold.otf */ = {isa = PBXFileReference; lastKnownFileType = file; path = "Lasco-Bold.otf"; sourceTree = "<group>"; };
		75C1340E21F5E1D500AD796C /* battle_win.wav */ = {isa = PBXFileReference; lastKnownFileType = audio.wav; path = battle_win.wav; sourceTree = "<group>"; };
		75C1340F21F5E1D500AD796C /* time_ticking.wav */ = {isa = PBXFileReference; lastKnownFileType = audio.wav; path = time_ticking.wav; sourceTree = "<group>"; };
		75C1341021F5E1D500AD796C /* battle_loosing.wav */ = {isa = PBXFileReference; lastKnownFileType = audio.wav; path = battle_loosing.wav; sourceTree = "<group>"; };
		75C1341121F5E1D500AD796C /* casting.m4a */ = {isa = PBXFileReference; lastKnownFileType = file; path = casting.m4a; sourceTree = "<group>"; };
		75C1341221F5E1D500AD796C /* danger_happen.wav */ = {isa = PBXFileReference; lastKnownFileType = audio.wav; path = danger_happen.wav; sourceTree = "<group>"; };
		75C1341321F5E1D500AD796C /* main_music.mp3 */ = {isa = PBXFileReference; lastKnownFileType = audio.mp3; path = main_music.mp3; sourceTree = "<group>"; };
		75C1341521F5E1D500AD796C /* Constants.json */ = {isa = PBXFileReference; fileEncoding = 4; lastKnownFileType = text.json; path = Constants.json; sourceTree = "<group>"; };
		75C1341621F5E1D500AD796C /* Replies.json */ = {isa = PBXFileReference; fileEncoding = 4; lastKnownFileType = text.json; path = Replies.json; sourceTree = "<group>"; };
		75C1341721F5E1D500AD796C /* Events.json */ = {isa = PBXFileReference; fileEncoding = 4; lastKnownFileType = text.json; path = Events.json; sourceTree = "<group>"; };
		75C1341821F5E1D500AD796C /* Disasters.json */ = {isa = PBXFileReference; fileEncoding = 4; lastKnownFileType = text.json; path = Disasters.json; sourceTree = "<group>"; };
		75C1341921F5E1D500AD796C /* EventReplies.json */ = {isa = PBXFileReference; fileEncoding = 4; lastKnownFileType = text.json; path = EventReplies.json; sourceTree = "<group>"; };
		75C1341A21F5E1D500AD796C /* Endings.json */ = {isa = PBXFileReference; fileEncoding = 4; lastKnownFileType = text.json; path = Endings.json; sourceTree = "<group>"; };
		75C1341B21F5E1D500AD796C /* Library.json */ = {isa = PBXFileReference; fileEncoding = 4; lastKnownFileType = text.json; path = Library.json; sourceTree = "<group>"; };
		75C1341C21F5E1D500AD796C /* Archimags.json */ = {isa = PBXFileReference; fileEncoding = 4; lastKnownFileType = text.json; path = Archimags.json; sourceTree = "<group>"; };
		75C1341D21F5E1D500AD796C /* Cities.json */ = {isa = PBXFileReference; fileEncoding = 4; lastKnownFileType = text.json; path = Cities.json; sourceTree = "<group>"; };
		75C1343021F5E3CD00AD796C /* Constants.swift */ = {isa = PBXFileReference; lastKnownFileType = sourcecode.swift; path = Constants.swift; sourceTree = "<group>"; };
		75C1343221F5EA1F00AD796C /* QuartzCore.framework */ = {isa = PBXFileReference; lastKnownFileType = wrapper.framework; name = QuartzCore.framework; path = System/Library/Frameworks/QuartzCore.framework; sourceTree = SDKROOT; };
		75C1343421F5EA2400AD796C /* SpriteKit.framework */ = {isa = PBXFileReference; lastKnownFileType = wrapper.framework; name = SpriteKit.framework; path = System/Library/Frameworks/SpriteKit.framework; sourceTree = SDKROOT; };
		75C1343621F5ED0B00AD796C /* Popups.storyboard */ = {isa = PBXFileReference; lastKnownFileType = file.storyboard; path = Popups.storyboard; sourceTree = "<group>"; };
		75C1343821F5ED2700AD796C /* IntroEnding.storyboard */ = {isa = PBXFileReference; lastKnownFileType = file.storyboard; path = IntroEnding.storyboard; sourceTree = "<group>"; };
		9CA6C1C314D624CE4621DEAE /* Pods-Calamity.debug.xcconfig */ = {isa = PBXFileReference; includeInIndex = 1; lastKnownFileType = text.xcconfig; name = "Pods-Calamity.debug.xcconfig"; path = "Pods/Target Support Files/Pods-Calamity/Pods-Calamity.debug.xcconfig"; sourceTree = "<group>"; };
		D52D90C5223EF3AE002B6A49 /* ProgressBarView.swift */ = {isa = PBXFileReference; lastKnownFileType = sourcecode.swift; path = ProgressBarView.swift; sourceTree = "<group>"; };
		D539C786222DD105004390E0 /* Ending.swift */ = {isa = PBXFileReference; lastKnownFileType = sourcecode.swift; path = Ending.swift; sourceTree = "<group>"; };
		D539C788222DD1A7004390E0 /* Event.swift */ = {isa = PBXFileReference; lastKnownFileType = sourcecode.swift; path = Event.swift; sourceTree = "<group>"; };
		D539C78A222DD596004390E0 /* EventAbility.swift */ = {isa = PBXFileReference; lastKnownFileType = sourcecode.swift; path = EventAbility.swift; sourceTree = "<group>"; };
		D561C009223FFF29001A22D5 /* ColourfulProgressView.swift */ = {isa = PBXFileReference; lastKnownFileType = sourcecode.swift; path = ColourfulProgressView.swift; sourceTree = "<group>"; };
		D5630F6A2200FE0F003565C1 /* GameConstant.swift */ = {isa = PBXFileReference; lastKnownFileType = sourcecode.swift; path = GameConstant.swift; sourceTree = "<group>"; };
		D5630F6E220102A7003565C1 /* Game.swift */ = {isa = PBXFileReference; lastKnownFileType = sourcecode.swift; path = Game.swift; sourceTree = "<group>"; };
		D5630F7022010632003565C1 /* Player.swift */ = {isa = PBXFileReference; lastKnownFileType = sourcecode.swift; path = Player.swift; sourceTree = "<group>"; };
		D5630F7522010C8A003565C1 /* Constant.swift */ = {isa = PBXFileReference; fileEncoding = 4; lastKnownFileType = sourcecode.swift; path = Constant.swift; sourceTree = "<group>"; };
		D5630F7622010C8A003565C1 /* Danger.swift */ = {isa = PBXFileReference; fileEncoding = 4; lastKnownFileType = sourcecode.swift; path = Danger.swift; sourceTree = "<group>"; };
		D5630F7722010C8A003565C1 /* Ability.swift */ = {isa = PBXFileReference; fileEncoding = 4; lastKnownFileType = sourcecode.swift; path = Ability.swift; sourceTree = "<group>"; };
		D5630F7822010C8A003565C1 /* GoogleBaseModel.swift */ = {isa = PBXFileReference; fileEncoding = 4; lastKnownFileType = sourcecode.swift; path = GoogleBaseModel.swift; sourceTree = "<group>"; };
		D5630F7D22010CA1003565C1 /* DangerResult.swift */ = {isa = PBXFileReference; lastKnownFileType = sourcecode.swift; path = DangerResult.swift; sourceTree = "<group>"; };
		D5630F7F22011072003565C1 /* City.swift */ = {isa = PBXFileReference; lastKnownFileType = sourcecode.swift; path = City.swift; sourceTree = "<group>"; };
		D5B91A24223286510019F592 /* LibraryItem.swift */ = {isa = PBXFileReference; lastKnownFileType = sourcecode.swift; path = LibraryItem.swift; sourceTree = "<group>"; };
		D5B91A2622330B620019F592 /* GoogleTable.swift */ = {isa = PBXFileReference; lastKnownFileType = sourcecode.swift; path = GoogleTable.swift; sourceTree = "<group>"; };
		DA9FDFCEC2BD1B7D7285645E /* Pods_Calamity.framework */ = {isa = PBXFileReference; explicitFileType = wrapper.framework; includeInIndex = 0; path = Pods_Calamity.framework; sourceTree = BUILT_PRODUCTS_DIR; };
/* End PBXFileReference section */

/* Begin PBXFrameworksBuildPhase section */
		75C133D721F5BE4A00AD796C /* Frameworks */ = {
			isa = PBXFrameworksBuildPhase;
			buildActionMask = 2147483647;
			files = (
				75C1343521F5EA2400AD796C /* SpriteKit.framework in Frameworks */,
				75C1343321F5EA1F00AD796C /* QuartzCore.framework in Frameworks */,
				E2A69087F58D1EFDB4ED2B3B /* Pods_Calamity.framework in Frameworks */,
			);
			runOnlyForDeploymentPostprocessing = 0;
		};
/* End PBXFrameworksBuildPhase section */

/* Begin PBXGroup section */
		6B03FF6AC3D5D705B54F03F6 /* Pods */ = {
			isa = PBXGroup;
			children = (
				9CA6C1C314D624CE4621DEAE /* Pods-Calamity.debug.xcconfig */,
				3FCF4EB8DF017CE5D6E1736C /* Pods-Calamity.release.xcconfig */,
			);
			name = Pods;
			sourceTree = "<group>";
		};
		757DDA372200815C002B29D5 /* Helpers */ = {
			isa = PBXGroup;
			children = (
				757DDA382200815C002B29D5 /* DispatchQueue+Helper.swift */,
				D52D90C5223EF3AE002B6A49 /* ProgressBarView.swift */,
				D561C009223FFF29001A22D5 /* ColourfulProgressView.swift */,
			);
			path = Helpers;
			sourceTree = "<group>";
		};
		75B7228F21FAFA720004F75B /* Models */ = {
			isa = PBXGroup;
			children = (
				D5630F7422010C8A003565C1 /* Google */,
				D5630F6A2200FE0F003565C1 /* GameConstant.swift */,
				D5630F6E220102A7003565C1 /* Game.swift */,
				D5630F7022010632003565C1 /* Player.swift */,
				D5630F7D22010CA1003565C1 /* DangerResult.swift */,
			);
			path = Models;
			sourceTree = "<group>";
		};
		75B7229121FB22370004F75B /* Managers */ = {
			isa = PBXGroup;
			children = (
				75B722BF220047BD0004F75B /* GoogleDocs */,
				75B7229221FB22370004F75B /* Settings.swift */,
			);
			path = Managers;
			sourceTree = "<group>";
		};
		75B7229821FB2A520004F75B /* CityInfo */ = {
			isa = PBXGroup;
			children = (
				75B7229B21FB2A8E0004F75B /* CityInfoController.swift */,
			);
			path = CityInfo;
			sourceTree = "<group>";
		};
		75B7229D21FB2AC10004F75B /* IntroEnding */ = {
			isa = PBXGroup;
			children = (
				75B7229E21FB2AD00004F75B /* EndingsViewController.swift */,
				75B722A021FB2ADF0004F75B /* IntroViewController.swift */,
			);
			path = IntroEnding;
			sourceTree = "<group>";
		};
		75B722A221FB2F360004F75B /* BaseGame */ = {
			isa = PBXGroup;
			children = (
				75B722A721FB2F4D0004F75B /* BaseGameController.swift */,
			);
			path = BaseGame;
			sourceTree = "<group>";
		};
		75B722A321FB2F360004F75B /* Danger */ = {
			isa = PBXGroup;
			children = (
				75B722AB21FB2FB10004F75B /* CityDangerController.swift */,
				75B722AD21FB2FD30004F75B /* DangerProgressController.swift */,
				75B722AF21FB2FF20004F75B /* DangerResultController.swift */,
			);
			path = Danger;
			sourceTree = "<group>";
		};
		75B722A421FB2F360004F75B /* Landing */ = {
			isa = PBXGroup;
			children = (
				75B722A921FB2F790004F75B /* LandingController.swift */,
			);
			path = Landing;
			sourceTree = "<group>";
		};
		75B722A521FB2F370004F75B /* Event */ = {
			isa = PBXGroup;
			children = (
				75B722B321FB30B10004F75B /* EventController.swift */,
				75B722B521FB30D80004F75B /* EventResultController.swift */,
			);
			path = Event;
			sourceTree = "<group>";
		};
		75B722A621FB2F370004F75B /* Library */ = {
			isa = PBXGroup;
			children = (
				75B722B121FB307D0004F75B /* LibraryController.swift */,
			);
			path = Library;
			sourceTree = "<group>";
		};
		75B722B721FF3BB00004F75B /* Settings */ = {
			isa = PBXGroup;
			children = (
				75B722BC21FF3FF30004F75B /* Cells */,
				75B722B821FF3BBE0004F75B /* SettingsController.swift */,
			);
			path = Settings;
			sourceTree = "<group>";
		};
		75B722BC21FF3FF30004F75B /* Cells */ = {
			isa = PBXGroup;
			children = (
				75B722BD21FF410B0004F75B /* SettingsCell.swift */,
			);
			path = Cells;
			sourceTree = "<group>";
		};
		75B722BF220047BD0004F75B /* GoogleDocs */ = {
			isa = PBXGroup;
			children = (
				75B722C12200480C0004F75B /* Models */,
				75B722C02200480C0004F75B /* Services */,
			);
			path = GoogleDocs;
			sourceTree = "<group>";
		};
		75B722C02200480C0004F75B /* Services */ = {
			isa = PBXGroup;
			children = (
				757DDA3322006680002B29D5 /* GoogleDocsSpreadsheetAPIClient.swift */,
				757DDA3522007233002B29D5 /* GoogleDocsServiceLayer.swift */,
				75B434352237C6A300B8B6DC /* SmartJSONAdapter.swift */,
			);
			path = Services;
			sourceTree = "<group>";
		};
		75B722C12200480C0004F75B /* Models */ = {
			isa = PBXGroup;
			children = (
				75B722C22200482D0004F75B /* GDBModel.swift */,
				75B722C422004C150004F75B /* GDBSheet.swift */,
				D5B91A2622330B620019F592 /* GoogleTable.swift */,
			);
			path = Models;
			sourceTree = "<group>";
		};
		75C133D121F5BE4A00AD796C = {
			isa = PBXGroup;
			children = (
				75C133DC21F5BE4A00AD796C /* Calamity */,
				75C133DB21F5BE4A00AD796C /* Products */,
				6B03FF6AC3D5D705B54F03F6 /* Pods */,
				864043F4B91793D9C87279DB /* Frameworks */,
			);
			sourceTree = "<group>";
		};
		75C133DB21F5BE4A00AD796C /* Products */ = {
			isa = PBXGroup;
			children = (
				75C133DA21F5BE4A00AD796C /* Calamity.app */,
			);
			name = Products;
			sourceTree = "<group>";
		};
		75C133DC21F5BE4A00AD796C /* Calamity */ = {
			isa = PBXGroup;
			children = (
				757DDA372200815C002B29D5 /* Helpers */,
				75B7229121FB22370004F75B /* Managers */,
				75B7228F21FAFA720004F75B /* Models */,
				75C133EF21F5DAD400AD796C /* Controllers */,
				75C133F121F5DAD400AD796C /* Resources */,
				75C133DD21F5BE4A00AD796C /* AppDelegate.swift */,
				75C133F721F5DDFB00AD796C /* R.generated.swift */,
				75C1343021F5E3CD00AD796C /* Constants.swift */,
			);
			path = Calamity;
			sourceTree = "<group>";
		};
		75C133EF21F5DAD400AD796C /* Controllers */ = {
			isa = PBXGroup;
			children = (
				75B722B721FF3BB00004F75B /* Settings */,
				75B722A221FB2F360004F75B /* BaseGame */,
				75B722A321FB2F360004F75B /* Danger */,
				75B722A521FB2F370004F75B /* Event */,
				75B722A421FB2F360004F75B /* Landing */,
				75B722A621FB2F370004F75B /* Library */,
				75B7229D21FB2AC10004F75B /* IntroEnding */,
				75B7229821FB2A520004F75B /* CityInfo */,
				75B7229921FB2A760004F75B /* BaseController.swift */,
			);
			path = Controllers;
			sourceTree = "<group>";
		};
		75C133F121F5DAD400AD796C /* Resources */ = {
			isa = PBXGroup;
			children = (
				75C133FE21F5DE1A00AD796C /* Assets.xcassets */,
				75C1340921F5E1D500AD796C /* Fonts */,
				75C1341421F5E1D500AD796C /* GameObjects */,
				75C133F221F5DAD400AD796C /* plists */,
				75C1340D21F5E1D500AD796C /* Sounds */,
				75C1340221F5DE3500AD796C /* Views */,
			);
			path = Resources;
			sourceTree = "<group>";
		};
		75C133F221F5DAD400AD796C /* plists */ = {
			isa = PBXGroup;
			children = (
				75C133F321F5DAD400AD796C /* Info.plist */,
			);
			path = plists;
			sourceTree = "<group>";
		};
		75C1340221F5DE3500AD796C /* Views */ = {
			isa = PBXGroup;
			children = (
				75C1340321F5DE3500AD796C /* LaunchScreen.storyboard */,
				75C1340521F5DE3500AD796C /* Main.storyboard */,
				75C1343621F5ED0B00AD796C /* Popups.storyboard */,
				75C1343821F5ED2700AD796C /* IntroEnding.storyboard */,
				75B722BA21FF3BF10004F75B /* Settings.storyboard */,
			);
			path = Views;
			sourceTree = "<group>";
		};
		75C1340921F5E1D500AD796C /* Fonts */ = {
			isa = PBXGroup;
			children = (
				75C1340A21F5E1D500AD796C /* DomCasual.ttf */,
				75C1340B21F5E1D500AD796C /* Lasco-Regular.otf */,
				75C1340C21F5E1D500AD796C /* Lasco-Bold.otf */,
			);
			path = Fonts;
			sourceTree = "<group>";
		};
		75C1340D21F5E1D500AD796C /* Sounds */ = {
			isa = PBXGroup;
			children = (
				75C1341021F5E1D500AD796C /* battle_loosing.wav */,
				75C1340E21F5E1D500AD796C /* battle_win.wav */,
				75C1341121F5E1D500AD796C /* casting.m4a */,
				75C1341221F5E1D500AD796C /* danger_happen.wav */,
				75C1341321F5E1D500AD796C /* main_music.mp3 */,
				75C1340F21F5E1D500AD796C /* time_ticking.wav */,
			);
			path = Sounds;
			sourceTree = "<group>";
		};
		75C1341421F5E1D500AD796C /* GameObjects */ = {
			isa = PBXGroup;
			children = (
				75C1341521F5E1D500AD796C /* Constants.json */,
				75C1341621F5E1D500AD796C /* Replies.json */,
				75C1341721F5E1D500AD796C /* Events.json */,
				75C1341821F5E1D500AD796C /* Disasters.json */,
				75C1341921F5E1D500AD796C /* EventReplies.json */,
				75C1341A21F5E1D500AD796C /* Endings.json */,
				75C1341B21F5E1D500AD796C /* Library.json */,
				75C1341C21F5E1D500AD796C /* Archimags.json */,
				75C1341D21F5E1D500AD796C /* Cities.json */,
			);
			path = GameObjects;
			sourceTree = "<group>";
		};
		864043F4B91793D9C87279DB /* Frameworks */ = {
			isa = PBXGroup;
			children = (
				75C1343421F5EA2400AD796C /* SpriteKit.framework */,
				75C1343221F5EA1F00AD796C /* QuartzCore.framework */,
				DA9FDFCEC2BD1B7D7285645E /* Pods_Calamity.framework */,
			);
			name = Frameworks;
			sourceTree = "<group>";
		};
		D5630F7422010C8A003565C1 /* Google */ = {
			isa = PBXGroup;
			children = (
				D5630F7722010C8A003565C1 /* Ability.swift */,
				75B2A0F8222D4677004CBF8E /* Archimage.swift */,
				D5630F7F22011072003565C1 /* City.swift */,
				D5630F7522010C8A003565C1 /* Constant.swift */,
				D5630F7622010C8A003565C1 /* Danger.swift */,
				D5630F7822010C8A003565C1 /* GoogleBaseModel.swift */,
				D539C786222DD105004390E0 /* Ending.swift */,
				D539C788222DD1A7004390E0 /* Event.swift */,
				D539C78A222DD596004390E0 /* EventAbility.swift */,
				D5B91A24223286510019F592 /* LibraryItem.swift */,
			);
			path = Google;
			sourceTree = "<group>";
		};
/* End PBXGroup section */

/* Begin PBXNativeTarget section */
		75C133D921F5BE4A00AD796C /* Calamity */ = {
			isa = PBXNativeTarget;
			buildConfigurationList = 75C133EC21F5BE4C00AD796C /* Build configuration list for PBXNativeTarget "Calamity" */;
			buildPhases = (
				A4DD1D5B4F3330BF098A2B80 /* [CP] Check Pods Manifest.lock */,
				75C133F621F5DCDF00AD796C /* ShellScript */,
				75C133D621F5BE4A00AD796C /* Sources */,
				75C133D721F5BE4A00AD796C /* Frameworks */,
				75C133D821F5BE4A00AD796C /* Resources */,
				3D480CB6804C718DBB8B8D49 /* [CP] Embed Pods Frameworks */,
			);
			buildRules = (
			);
			dependencies = (
			);
			name = Calamity;
			productName = Calamity;
			productReference = 75C133DA21F5BE4A00AD796C /* Calamity.app */;
			productType = "com.apple.product-type.application";
		};
/* End PBXNativeTarget section */

/* Begin PBXProject section */
		75C133D221F5BE4A00AD796C /* Project object */ = {
			isa = PBXProject;
			attributes = {
				LastSwiftUpdateCheck = 1010;
				LastUpgradeCheck = 1010;
				ORGANIZATIONNAME = GameJam;
				TargetAttributes = {
					75C133D921F5BE4A00AD796C = {
						CreatedOnToolsVersion = 10.1;
					};
				};
			};
			buildConfigurationList = 75C133D521F5BE4A00AD796C /* Build configuration list for PBXProject "Calamity" */;
			compatibilityVersion = "Xcode 9.3";
			developmentRegion = en;
			hasScannedForEncodings = 0;
			knownRegions = (
				en,
				Base,
			);
			mainGroup = 75C133D121F5BE4A00AD796C;
			productRefGroup = 75C133DB21F5BE4A00AD796C /* Products */;
			projectDirPath = "";
			projectRoot = "";
			targets = (
				75C133D921F5BE4A00AD796C /* Calamity */,
			);
		};
/* End PBXProject section */

/* Begin PBXResourcesBuildPhase section */
		75C133D821F5BE4A00AD796C /* Resources */ = {
			isa = PBXResourcesBuildPhase;
			buildActionMask = 2147483647;
			files = (
				75C1342821F5E1D600AD796C /* Replies.json in Resources */,
				75C1341F21F5E1D600AD796C /* Lasco-Regular.otf in Resources */,
				75C1340821F5DE3500AD796C /* Main.storyboard in Resources */,
				75B722BB21FF3BF10004F75B /* Settings.storyboard in Resources */,
				75C1342721F5E1D600AD796C /* Constants.json in Resources */,
				75C1340121F5DE1B00AD796C /* Assets.xcassets in Resources */,
				75C1343921F5ED2700AD796C /* IntroEnding.storyboard in Resources */,
				75C1342D21F5E1D600AD796C /* Library.json in Resources */,
				75C1342221F5E1D600AD796C /* time_ticking.wav in Resources */,
				75C1341E21F5E1D600AD796C /* DomCasual.ttf in Resources */,
				75C1342921F5E1D600AD796C /* Events.json in Resources */,
				75C1343721F5ED0B00AD796C /* Popups.storyboard in Resources */,
				75C1342A21F5E1D600AD796C /* Disasters.json in Resources */,
				75C1342121F5E1D600AD796C /* battle_win.wav in Resources */,
				75C1342421F5E1D600AD796C /* casting.m4a in Resources */,
				75C1342321F5E1D600AD796C /* battle_loosing.wav in Resources */,
				75C1342E21F5E1D600AD796C /* Archimags.json in Resources */,
				75C1342B21F5E1D600AD796C /* EventReplies.json in Resources */,
				75C1342F21F5E1D600AD796C /* Cities.json in Resources */,
				75C1340721F5DE3500AD796C /* LaunchScreen.storyboard in Resources */,
				75C1342C21F5E1D600AD796C /* Endings.json in Resources */,
				75C1342621F5E1D600AD796C /* main_music.mp3 in Resources */,
				75C1342521F5E1D600AD796C /* danger_happen.wav in Resources */,
				75C1342021F5E1D600AD796C /* Lasco-Bold.otf in Resources */,
			);
			runOnlyForDeploymentPostprocessing = 0;
		};
/* End PBXResourcesBuildPhase section */

/* Begin PBXShellScriptBuildPhase section */
		3D480CB6804C718DBB8B8D49 /* [CP] Embed Pods Frameworks */ = {
			isa = PBXShellScriptBuildPhase;
			buildActionMask = 2147483647;
			files = (
			);
			inputPaths = (
				"${PODS_ROOT}/Target Support Files/Pods-Calamity/Pods-Calamity-frameworks.sh",
				"${BUILT_PRODUCTS_DIR}/Alamofire/Alamofire.framework",
				"${BUILT_PRODUCTS_DIR}/GTProgressBar/GTProgressBar.framework",
				"${BUILT_PRODUCTS_DIR}/Mantle/Mantle.framework",
				"${BUILT_PRODUCTS_DIR}/R.swift.Library/Rswift.framework",
			);
			name = "[CP] Embed Pods Frameworks";
			outputPaths = (
				"${TARGET_BUILD_DIR}/${FRAMEWORKS_FOLDER_PATH}/Alamofire.framework",
				"${TARGET_BUILD_DIR}/${FRAMEWORKS_FOLDER_PATH}/GTProgressBar.framework",
				"${TARGET_BUILD_DIR}/${FRAMEWORKS_FOLDER_PATH}/Mantle.framework",
				"${TARGET_BUILD_DIR}/${FRAMEWORKS_FOLDER_PATH}/Rswift.framework",
			);
			runOnlyForDeploymentPostprocessing = 0;
			shellPath = /bin/sh;
			shellScript = "\"${PODS_ROOT}/Target Support Files/Pods-Calamity/Pods-Calamity-frameworks.sh\"\n";
			showEnvVarsInLog = 0;
		};
		75C133F621F5DCDF00AD796C /* ShellScript */ = {
			isa = PBXShellScriptBuildPhase;
			buildActionMask = 2147483647;
			files = (
			);
			inputPaths = (
				"$TEMP_DIR/rswift-lastrun",
			);
			outputPaths = (
				"$SRCROOT/R.generated.swift",
			);
			runOnlyForDeploymentPostprocessing = 0;
			shellPath = /bin/sh;
			shellScript = "# Type a script or drag a script file from your workspace to insert its path.\n\"$PODS_ROOT/R.swift/rswift\" generate \"$SRCROOT/R.generated.swift\"\n";
		};
		A4DD1D5B4F3330BF098A2B80 /* [CP] Check Pods Manifest.lock */ = {
			isa = PBXShellScriptBuildPhase;
			buildActionMask = 2147483647;
			files = (
			);
			inputPaths = (
				"${PODS_PODFILE_DIR_PATH}/Podfile.lock",
				"${PODS_ROOT}/Manifest.lock",
			);
			name = "[CP] Check Pods Manifest.lock";
			outputPaths = (
				"$(DERIVED_FILE_DIR)/Pods-Calamity-checkManifestLockResult.txt",
			);
			runOnlyForDeploymentPostprocessing = 0;
			shellPath = /bin/sh;
			shellScript = "diff \"${PODS_PODFILE_DIR_PATH}/Podfile.lock\" \"${PODS_ROOT}/Manifest.lock\" > /dev/null\nif [ $? != 0 ] ; then\n    # print error to STDERR\n    echo \"error: The sandbox is not in sync with the Podfile.lock. Run 'pod install' or update your CocoaPods installation.\" >&2\n    exit 1\nfi\n# This output is used by Xcode 'outputs' to avoid re-running this script phase.\necho \"SUCCESS\" > \"${SCRIPT_OUTPUT_FILE_0}\"\n";
			showEnvVarsInLog = 0;
		};
/* End PBXShellScriptBuildPhase section */

/* Begin PBXSourcesBuildPhase section */
		75C133D621F5BE4A00AD796C /* Sources */ = {
			isa = PBXSourcesBuildPhase;
			buildActionMask = 2147483647;
			files = (
				757DDA3622007233002B29D5 /* GoogleDocsServiceLayer.swift in Sources */,
				75B722B921FF3BBE0004F75B /* SettingsController.swift in Sources */,
				D5B91A25223286510019F592 /* LibraryItem.swift in Sources */,
				75B434362237C6A300B8B6DC /* SmartJSONAdapter.swift in Sources */,
				75B722B221FB307D0004F75B /* LibraryController.swift in Sources */,
				75B722C32200482D0004F75B /* GDBModel.swift in Sources */,
				D5630F7A22010C8A003565C1 /* Danger.swift in Sources */,
				D5630F6B2200FE0F003565C1 /* GameConstant.swift in Sources */,
				D5B91A2722330B620019F592 /* GoogleTable.swift in Sources */,
				75B722AE21FB2FD30004F75B /* DangerProgressController.swift in Sources */,
				D5630F7C22010C8A003565C1 /* GoogleBaseModel.swift in Sources */,
				75B7229A21FB2A760004F75B /* BaseController.swift in Sources */,
				75B722C522004C150004F75B /* GDBSheet.swift in Sources */,
				757DDA392200815D002B29D5 /* DispatchQueue+Helper.swift in Sources */,
				D5630F7122010632003565C1 /* Player.swift in Sources */,
				75C133DE21F5BE4A00AD796C /* AppDelegate.swift in Sources */,
				D561C00A223FFF29001A22D5 /* ColourfulProgressView.swift in Sources */,
				75B722AC21FB2FB10004F75B /* CityDangerController.swift in Sources */,
				75B722B421FB30B10004F75B /* EventController.swift in Sources */,
				D5630F7B22010C8A003565C1 /* Ability.swift in Sources */,
				75B7229F21FB2AD00004F75B /* EndingsViewController.swift in Sources */,
				75B722A121FB2ADF0004F75B /* IntroViewController.swift in Sources */,
				757DDA3422006680002B29D5 /* GoogleDocsSpreadsheetAPIClient.swift in Sources */,
				D539C789222DD1A7004390E0 /* Event.swift in Sources */,
				75B7229C21FB2A8E0004F75B /* CityInfoController.swift in Sources */,
				75C133F821F5DDFB00AD796C /* R.generated.swift in Sources */,
				75C1343121F5E3CD00AD796C /* Constants.swift in Sources */,
				D539C787222DD105004390E0 /* Ending.swift in Sources */,
				75B722AA21FB2F790004F75B /* LandingController.swift in Sources */,
				75B2A0F9222D4677004CBF8E /* Archimage.swift in Sources */,
				D52D90C6223EF3AE002B6A49 /* ProgressBarView.swift in Sources */,
				D5630F7922010C8A003565C1 /* Constant.swift in Sources */,
				75B722B021FB2FF20004F75B /* DangerResultController.swift in Sources */,
				D5630F6F220102A7003565C1 /* Game.swift in Sources */,
				75B722A821FB2F4D0004F75B /* BaseGameController.swift in Sources */,
				75B722BE21FF410B0004F75B /* SettingsCell.swift in Sources */,
				75B722B621FB30D80004F75B /* EventResultController.swift in Sources */,
				D5630F7E22010CA1003565C1 /* DangerResult.swift in Sources */,
				D539C78B222DD596004390E0 /* EventAbility.swift in Sources */,
				D5630F8022011072003565C1 /* City.swift in Sources */,
				75B7229321FB22370004F75B /* Settings.swift in Sources */,
			);
			runOnlyForDeploymentPostprocessing = 0;
		};
/* End PBXSourcesBuildPhase section */

/* Begin PBXVariantGroup section */
		75C1340321F5DE3500AD796C /* LaunchScreen.storyboard */ = {
			isa = PBXVariantGroup;
			children = (
				75C1340421F5DE3500AD796C /* Base */,
			);
			name = LaunchScreen.storyboard;
			sourceTree = "<group>";
		};
		75C1340521F5DE3500AD796C /* Main.storyboard */ = {
			isa = PBXVariantGroup;
			children = (
				75C1340621F5DE3500AD796C /* Base */,
			);
			name = Main.storyboard;
			sourceTree = "<group>";
		};
/* End PBXVariantGroup section */

/* Begin XCBuildConfiguration section */
		75C133EA21F5BE4C00AD796C /* Debug */ = {
			isa = XCBuildConfiguration;
			buildSettings = {
				ALWAYS_SEARCH_USER_PATHS = NO;
				CLANG_ANALYZER_NONNULL = YES;
				CLANG_ANALYZER_NUMBER_OBJECT_CONVERSION = YES_AGGRESSIVE;
				CLANG_CXX_LANGUAGE_STANDARD = "gnu++14";
				CLANG_CXX_LIBRARY = "libc++";
				CLANG_ENABLE_MODULES = YES;
				CLANG_ENABLE_OBJC_ARC = YES;
				CLANG_ENABLE_OBJC_WEAK = YES;
				CLANG_WARN_BLOCK_CAPTURE_AUTORELEASING = YES;
				CLANG_WARN_BOOL_CONVERSION = YES;
				CLANG_WARN_COMMA = YES;
				CLANG_WARN_CONSTANT_CONVERSION = YES;
				CLANG_WARN_DEPRECATED_OBJC_IMPLEMENTATIONS = YES;
				CLANG_WARN_DIRECT_OBJC_ISA_USAGE = YES_ERROR;
				CLANG_WARN_DOCUMENTATION_COMMENTS = YES;
				CLANG_WARN_EMPTY_BODY = YES;
				CLANG_WARN_ENUM_CONVERSION = YES;
				CLANG_WARN_INFINITE_RECURSION = YES;
				CLANG_WARN_INT_CONVERSION = YES;
				CLANG_WARN_NON_LITERAL_NULL_CONVERSION = YES;
				CLANG_WARN_OBJC_IMPLICIT_RETAIN_SELF = YES;
				CLANG_WARN_OBJC_LITERAL_CONVERSION = YES;
				CLANG_WARN_OBJC_ROOT_CLASS = YES_ERROR;
				CLANG_WARN_RANGE_LOOP_ANALYSIS = YES;
				CLANG_WARN_STRICT_PROTOTYPES = YES;
				CLANG_WARN_SUSPICIOUS_MOVE = YES;
				CLANG_WARN_UNGUARDED_AVAILABILITY = YES_AGGRESSIVE;
				CLANG_WARN_UNREACHABLE_CODE = YES;
				CLANG_WARN__DUPLICATE_METHOD_MATCH = YES;
				CODE_SIGN_IDENTITY = "iPhone Developer";
				COPY_PHASE_STRIP = NO;
				DEBUG_INFORMATION_FORMAT = dwarf;
				ENABLE_STRICT_OBJC_MSGSEND = YES;
				ENABLE_TESTABILITY = YES;
				GCC_C_LANGUAGE_STANDARD = gnu11;
				GCC_DYNAMIC_NO_PIC = NO;
				GCC_NO_COMMON_BLOCKS = YES;
				GCC_OPTIMIZATION_LEVEL = 0;
				GCC_PREPROCESSOR_DEFINITIONS = (
					"DEBUG=1",
					"$(inherited)",
				);
				GCC_WARN_64_TO_32_BIT_CONVERSION = YES;
				GCC_WARN_ABOUT_RETURN_TYPE = YES_ERROR;
				GCC_WARN_UNDECLARED_SELECTOR = YES;
				GCC_WARN_UNINITIALIZED_AUTOS = YES_AGGRESSIVE;
				GCC_WARN_UNUSED_FUNCTION = YES;
				GCC_WARN_UNUSED_VARIABLE = YES;
				IPHONEOS_DEPLOYMENT_TARGET = 12.1;
				MTL_ENABLE_DEBUG_INFO = INCLUDE_SOURCE;
				MTL_FAST_MATH = YES;
				ONLY_ACTIVE_ARCH = YES;
				SDKROOT = iphoneos;
				SWIFT_ACTIVE_COMPILATION_CONDITIONS = DEBUG;
				SWIFT_OPTIMIZATION_LEVEL = "-Onone";
			};
			name = Debug;
		};
		75C133EB21F5BE4C00AD796C /* Release */ = {
			isa = XCBuildConfiguration;
			buildSettings = {
				ALWAYS_SEARCH_USER_PATHS = NO;
				CLANG_ANALYZER_NONNULL = YES;
				CLANG_ANALYZER_NUMBER_OBJECT_CONVERSION = YES_AGGRESSIVE;
				CLANG_CXX_LANGUAGE_STANDARD = "gnu++14";
				CLANG_CXX_LIBRARY = "libc++";
				CLANG_ENABLE_MODULES = YES;
				CLANG_ENABLE_OBJC_ARC = YES;
				CLANG_ENABLE_OBJC_WEAK = YES;
				CLANG_WARN_BLOCK_CAPTURE_AUTORELEASING = YES;
				CLANG_WARN_BOOL_CONVERSION = YES;
				CLANG_WARN_COMMA = YES;
				CLANG_WARN_CONSTANT_CONVERSION = YES;
				CLANG_WARN_DEPRECATED_OBJC_IMPLEMENTATIONS = YES;
				CLANG_WARN_DIRECT_OBJC_ISA_USAGE = YES_ERROR;
				CLANG_WARN_DOCUMENTATION_COMMENTS = YES;
				CLANG_WARN_EMPTY_BODY = YES;
				CLANG_WARN_ENUM_CONVERSION = YES;
				CLANG_WARN_INFINITE_RECURSION = YES;
				CLANG_WARN_INT_CONVERSION = YES;
				CLANG_WARN_NON_LITERAL_NULL_CONVERSION = YES;
				CLANG_WARN_OBJC_IMPLICIT_RETAIN_SELF = YES;
				CLANG_WARN_OBJC_LITERAL_CONVERSION = YES;
				CLANG_WARN_OBJC_ROOT_CLASS = YES_ERROR;
				CLANG_WARN_RANGE_LOOP_ANALYSIS = YES;
				CLANG_WARN_STRICT_PROTOTYPES = YES;
				CLANG_WARN_SUSPICIOUS_MOVE = YES;
				CLANG_WARN_UNGUARDED_AVAILABILITY = YES_AGGRESSIVE;
				CLANG_WARN_UNREACHABLE_CODE = YES;
				CLANG_WARN__DUPLICATE_METHOD_MATCH = YES;
				CODE_SIGN_IDENTITY = "iPhone Developer";
				COPY_PHASE_STRIP = NO;
				DEBUG_INFORMATION_FORMAT = "dwarf-with-dsym";
				ENABLE_NS_ASSERTIONS = NO;
				ENABLE_STRICT_OBJC_MSGSEND = YES;
				GCC_C_LANGUAGE_STANDARD = gnu11;
				GCC_NO_COMMON_BLOCKS = YES;
				GCC_WARN_64_TO_32_BIT_CONVERSION = YES;
				GCC_WARN_ABOUT_RETURN_TYPE = YES_ERROR;
				GCC_WARN_UNDECLARED_SELECTOR = YES;
				GCC_WARN_UNINITIALIZED_AUTOS = YES_AGGRESSIVE;
				GCC_WARN_UNUSED_FUNCTION = YES;
				GCC_WARN_UNUSED_VARIABLE = YES;
				IPHONEOS_DEPLOYMENT_TARGET = 12.1;
				MTL_ENABLE_DEBUG_INFO = NO;
				MTL_FAST_MATH = YES;
				SDKROOT = iphoneos;
				SWIFT_COMPILATION_MODE = wholemodule;
				SWIFT_OPTIMIZATION_LEVEL = "-O";
				VALIDATE_PRODUCT = YES;
			};
			name = Release;
		};
		75C133ED21F5BE4C00AD796C /* Debug */ = {
			isa = XCBuildConfiguration;
			baseConfigurationReference = 9CA6C1C314D624CE4621DEAE /* Pods-Calamity.debug.xcconfig */;
			buildSettings = {
				ASSETCATALOG_COMPILER_APPICON_NAME = AppIcon;
				CODE_SIGN_STYLE = Automatic;
				DEVELOPMENT_TEAM = YP3LZJ6GRJ;
				INFOPLIST_FILE = "$(SRCROOT)/Calamity/Resources/plists/Info.plist";
				IPHONEOS_DEPLOYMENT_TARGET = 9.0;
				LD_RUNPATH_SEARCH_PATHS = (
					"$(inherited)",
					"@executable_path/Frameworks",
				);
				PRODUCT_BUNDLE_IDENTIFIER = com.calamity.kingdom;
				PRODUCT_NAME = "$(TARGET_NAME)";
				SWIFT_VERSION = 4.2;
				TARGETED_DEVICE_FAMILY = "1,2";
			};
			name = Debug;
		};
		75C133EE21F5BE4C00AD796C /* Release */ = {
			isa = XCBuildConfiguration;
			baseConfigurationReference = 3FCF4EB8DF017CE5D6E1736C /* Pods-Calamity.release.xcconfig */;
			buildSettings = {
				ASSETCATALOG_COMPILER_APPICON_NAME = AppIcon;
				CODE_SIGN_STYLE = Automatic;
				DEVELOPMENT_TEAM = YP3LZJ6GRJ;
				INFOPLIST_FILE = "$(SRCROOT)/Calamity/Resources/plists/Info.plist";
				IPHONEOS_DEPLOYMENT_TARGET = 9.0;
				LD_RUNPATH_SEARCH_PATHS = (
					"$(inherited)",
					"@executable_path/Frameworks",
				);
				PRODUCT_BUNDLE_IDENTIFIER = com.calamity.kingdom;
				PRODUCT_NAME = "$(TARGET_NAME)";
				SWIFT_VERSION = 4.2;
				TARGETED_DEVICE_FAMILY = "1,2";
			};
			name = Release;
		};
/* End XCBuildConfiguration section */

/* Begin XCConfigurationList section */
		75C133D521F5BE4A00AD796C /* Build configuration list for PBXProject "Calamity" */ = {
			isa = XCConfigurationList;
			buildConfigurations = (
				75C133EA21F5BE4C00AD796C /* Debug */,
				75C133EB21F5BE4C00AD796C /* Release */,
			);
			defaultConfigurationIsVisible = 0;
			defaultConfigurationName = Release;
		};
		75C133EC21F5BE4C00AD796C /* Build configuration list for PBXNativeTarget "Calamity" */ = {
			isa = XCConfigurationList;
			buildConfigurations = (
				75C133ED21F5BE4C00AD796C /* Debug */,
				75C133EE21F5BE4C00AD796C /* Release */,
			);
			defaultConfigurationIsVisible = 0;
			defaultConfigurationName = Release;
		};
/* End XCConfigurationList section */
	};
	rootObject = 75C133D221F5BE4A00AD796C /* Project object */;
}
