// !$*UTF8*$!
{
	archiveVersion = 1;
	classes = {
	};
	objectVersion = 46;
	objects = {

/* Begin PBXBuildFile section */
		5CED44FA1C5E3FD100D9256F /* Images.xcassets in Resources */ = {isa = PBXBuildFile; fileRef = 5CED44F91C5E3FD100D9256F /* Images.xcassets */; };
		D51D03271C975DD100FE1467 /* ProgressStripe.png in Resources */ = {isa = PBXBuildFile; fileRef = D51D03251C975DD100FE1467 /* ProgressStripe.png */; };
		D51D03281C975DD100FE1467 /* ProgressStripe@2x.png in Resources */ = {isa = PBXBuildFile; fileRef = D51D03261C975DD100FE1467 /* ProgressStripe@2x.png */; };
		D51D032A1C97E0A700FE1467 /* library.tsv in Resources */ = {isa = PBXBuildFile; fileRef = D51D03291C97E0A700FE1467 /* library.tsv */; };
		D51D032D1C97E11700FE1467 /* PPLibraryItem.m in Sources */ = {isa = PBXBuildFile; fileRef = D51D032C1C97E11700FE1467 /* PPLibraryItem.m */; };
		D51D03361C97E6C200FE1467 /* LibraryNextButton.png in Resources */ = {isa = PBXBuildFile; fileRef = D51D032E1C97E6C200FE1467 /* LibraryNextButton.png */; };
		D51D03371C97E6C200FE1467 /* LibraryNextButton@2x.png in Resources */ = {isa = PBXBuildFile; fileRef = D51D032F1C97E6C200FE1467 /* LibraryNextButton@2x.png */; };
		D51D03381C97E6C200FE1467 /* LibraryBackButton.png in Resources */ = {isa = PBXBuildFile; fileRef = D51D03301C97E6C200FE1467 /* LibraryBackButton.png */; };
		D51D03391C97E6C200FE1467 /* LibraryBackButton@2x.png in Resources */ = {isa = PBXBuildFile; fileRef = D51D03311C97E6C200FE1467 /* LibraryBackButton@2x.png */; };
		D51D033A1C97E6C200FE1467 /* LibraryPaperBg.png in Resources */ = {isa = PBXBuildFile; fileRef = D51D03321C97E6C200FE1467 /* LibraryPaperBg.png */; };
		D51D033B1C97E6C200FE1467 /* LibraryPaperBg@2x.png in Resources */ = {isa = PBXBuildFile; fileRef = D51D03331C97E6C200FE1467 /* LibraryPaperBg@2x.png */; };
		D51D033C1C97E6C200FE1467 /* LibraryIcon.png in Resources */ = {isa = PBXBuildFile; fileRef = D51D03341C97E6C200FE1467 /* LibraryIcon.png */; };
		D51D033D1C97E6C200FE1467 /* LibraryIcon@2x.png in Resources */ = {isa = PBXBuildFile; fileRef = D51D03351C97E6C200FE1467 /* LibraryIcon@2x.png */; };
		D51D03401C97EB6900FE1467 /* PPLibraryViewController.m in Sources */ = {isa = PBXBuildFile; fileRef = D51D033F1C97EB6900FE1467 /* PPLibraryViewController.m */; };
		D52412341C5C8DBD00EB1FF4 /* main.m in Sources */ = {isa = PBXBuildFile; fileRef = D52412331C5C8DBD00EB1FF4 /* main.m */; };
		D52412371C5C8DBD00EB1FF4 /* AppDelegate.m in Sources */ = {isa = PBXBuildFile; fileRef = D52412361C5C8DBD00EB1FF4 /* AppDelegate.m */; };
		D524123D1C5C8DBD00EB1FF4 /* Main.storyboard in Resources */ = {isa = PBXBuildFile; fileRef = D524123B1C5C8DBD00EB1FF4 /* Main.storyboard */; };
		D524123F1C5C8DBD00EB1FF4 /* Assets.xcassets in Resources */ = {isa = PBXBuildFile; fileRef = D524123E1C5C8DBD00EB1FF4 /* Assets.xcassets */; };
		D52412421C5C8DBD00EB1FF4 /* LaunchScreen.storyboard in Resources */ = {isa = PBXBuildFile; fileRef = D52412401C5C8DBD00EB1FF4 /* LaunchScreen.storyboard */; };
		D524124A1C5C8DE400EB1FF4 /* Foundation.framework in Frameworks */ = {isa = PBXBuildFile; fileRef = D52412491C5C8DE400EB1FF4 /* Foundation.framework */; };
		D52412521C5C8E2800EB1FF4 /* AssetsLibrary.framework in Frameworks */ = {isa = PBXBuildFile; fileRef = D524124B1C5C8E2800EB1FF4 /* AssetsLibrary.framework */; };
		D52412531C5C8E2800EB1FF4 /* AudioToolbox.framework in Frameworks */ = {isa = PBXBuildFile; fileRef = D524124C1C5C8E2800EB1FF4 /* AudioToolbox.framework */; };
		D52412541C5C8E2800EB1FF4 /* CoreGraphics.framework in Frameworks */ = {isa = PBXBuildFile; fileRef = D524124D1C5C8E2800EB1FF4 /* CoreGraphics.framework */; };
		D52412551C5C8E2800EB1FF4 /* CoreImage.framework in Frameworks */ = {isa = PBXBuildFile; fileRef = D524124E1C5C8E2800EB1FF4 /* CoreImage.framework */; };
		D52412561C5C8E2800EB1FF4 /* CoreMedia.framework in Frameworks */ = {isa = PBXBuildFile; fileRef = D524124F1C5C8E2800EB1FF4 /* CoreMedia.framework */; };
		D52412571C5C8E2800EB1FF4 /* QuartzCore.framework in Frameworks */ = {isa = PBXBuildFile; fileRef = D52412501C5C8E2800EB1FF4 /* QuartzCore.framework */; };
		D52412581C5C8E2800EB1FF4 /* SystemConfiguration.framework in Frameworks */ = {isa = PBXBuildFile; fileRef = D52412511C5C8E2800EB1FF4 /* SystemConfiguration.framework */; };
		D52412651C5C956000EB1FF4 /* PPPlayer.m in Sources */ = {isa = PBXBuildFile; fileRef = D52412641C5C956000EB1FF4 /* PPPlayer.m */; };
		D52412681C5C958B00EB1FF4 /* PPDanger.m in Sources */ = {isa = PBXBuildFile; fileRef = D52412671C5C958B00EB1FF4 /* PPDanger.m */; };
		D524126B1C5C95B500EB1FF4 /* PPAbility.m in Sources */ = {isa = PBXBuildFile; fileRef = D524126A1C5C95B500EB1FF4 /* PPAbility.m */; };
		D524126E1C5CA42100EB1FF4 /* PPCity.m in Sources */ = {isa = PBXBuildFile; fileRef = D524126D1C5CA42100EB1FF4 /* PPCity.m */; };
		D52412711C5CAA3000EB1FF4 /* PPKingdom.m in Sources */ = {isa = PBXBuildFile; fileRef = D52412701C5CAA3000EB1FF4 /* PPKingdom.m */; };
		D52412741C5CACBA00EB1FF4 /* PPGame.m in Sources */ = {isa = PBXBuildFile; fileRef = D52412731C5CACBA00EB1FF4 /* PPGame.m */; };
		D52412781C5CC53E00EB1FF4 /* PPDangerResult.m in Sources */ = {isa = PBXBuildFile; fileRef = D52412771C5CC53E00EB1FF4 /* PPDangerResult.m */; };
		D524127B1C5CCDC600EB1FF4 /* PPValue.m in Sources */ = {isa = PBXBuildFile; fileRef = D524127A1C5CCDC600EB1FF4 /* PPValue.m */; };
		D52412801C5CE0BF00EB1FF4 /* CHCSVParser.m in Sources */ = {isa = PBXBuildFile; fileRef = D524127F1C5CE0BF00EB1FF4 /* CHCSVParser.m */; };
		D524129C1C5D685100EB1FF4 /* EAColourfulProgressView.m in Sources */ = {isa = PBXBuildFile; fileRef = D524129B1C5D685100EB1FF4 /* EAColourfulProgressView.m */; };
		D52412A71C5DE81C00EB1FF4 /* cities.tsv in Resources */ = {isa = PBXBuildFile; fileRef = D52412A61C5DE81C00EB1FF4 /* cities.tsv */; };
		D52412A91C5DE8B500EB1FF4 /* dangers.tsv in Resources */ = {isa = PBXBuildFile; fileRef = D52412A81C5DE8B500EB1FF4 /* dangers.tsv */; };
		D52412AB1C5DE92700EB1FF4 /* replics.tsv in Resources */ = {isa = PBXBuildFile; fileRef = D52412AA1C5DE92700EB1FF4 /* replics.tsv */; };
		D524135E1C5E33C900EB1FF4 /* SoundController.m in Sources */ = {isa = PBXBuildFile; fileRef = D524134C1C5E33C900EB1FF4 /* SoundController.m */; };
		D524135F1C5E33C900EB1FF4 /* PPDangerResultController.m in Sources */ = {isa = PBXBuildFile; fileRef = D524134E1C5E33C900EB1FF4 /* PPDangerResultController.m */; };
		D52413601C5E33C900EB1FF4 /* PPDangerProgressController.m in Sources */ = {isa = PBXBuildFile; fileRef = D52413501C5E33C900EB1FF4 /* PPDangerProgressController.m */; };
		D52413611C5E33C900EB1FF4 /* PPCityInfoController.m in Sources */ = {isa = PBXBuildFile; fileRef = D52413521C5E33C900EB1FF4 /* PPCityInfoController.m */; };
		D52413621C5E33C900EB1FF4 /* PPCityDangerController.m in Sources */ = {isa = PBXBuildFile; fileRef = D52413541C5E33C900EB1FF4 /* PPCityDangerController.m */; };
		D52413631C5E33C900EB1FF4 /* PPBaseGameController.m in Sources */ = {isa = PBXBuildFile; fileRef = D52413561C5E33C900EB1FF4 /* PPBaseGameController.m */; };
		D52413641C5E33C900EB1FF4 /* IntroViewController.m in Sources */ = {isa = PBXBuildFile; fileRef = D52413581C5E33C900EB1FF4 /* IntroViewController.m */; };
		D52413651C5E33C900EB1FF4 /* EndingViewController.m in Sources */ = {isa = PBXBuildFile; fileRef = D524135A1C5E33C900EB1FF4 /* EndingViewController.m */; };
		D52413661C5E33C900EB1FF4 /* EndingsViewController.m in Sources */ = {isa = PBXBuildFile; fileRef = D524135C1C5E33C900EB1FF4 /* EndingsViewController.m */; };
		D52413751C5E353300EB1FF4 /* PPResultView.m in Sources */ = {isa = PBXBuildFile; fileRef = D52413671C5E353300EB1FF4 /* PPResultView.m */; };
		D52413771C5E353300EB1FF4 /* PPPlayerAbilityView.m in Sources */ = {isa = PBXBuildFile; fileRef = D524136B1C5E353300EB1FF4 /* PPPlayerAbilityView.m */; };
		D52413781C5E353300EB1FF4 /* PPDangerView.m in Sources */ = {isa = PBXBuildFile; fileRef = D524136D1C5E353300EB1FF4 /* PPDangerView.m */; };
		D52413791C5E353300EB1FF4 /* PPDangerAbilityView.m in Sources */ = {isa = PBXBuildFile; fileRef = D524136F1C5E353300EB1FF4 /* PPDangerAbilityView.m */; };
		D524137A1C5E353300EB1FF4 /* PPClosePopupView.m in Sources */ = {isa = PBXBuildFile; fileRef = D52413711C5E353300EB1FF4 /* PPClosePopupView.m */; };
		D524137B1C5E353300EB1FF4 /* PPCityView.m in Sources */ = {isa = PBXBuildFile; fileRef = D52413731C5E353300EB1FF4 /* PPCityView.m */; };
		D5530FB91CA03FB10064A220 /* VillageRuined.png in Resources */ = {isa = PBXBuildFile; fileRef = D5530FB31CA03FB10064A220 /* VillageRuined.png */; };
		D5530FBA1CA03FB10064A220 /* VillageRuined@2x.png in Resources */ = {isa = PBXBuildFile; fileRef = D5530FB41CA03FB10064A220 /* VillageRuined@2x.png */; };
		D5530FBB1CA03FB10064A220 /* TownRuined.png in Resources */ = {isa = PBXBuildFile; fileRef = D5530FB51CA03FB10064A220 /* TownRuined.png */; };
		D5530FBC1CA03FB10064A220 /* TownRuined@2x.png in Resources */ = {isa = PBXBuildFile; fileRef = D5530FB61CA03FB10064A220 /* TownRuined@2x.png */; };
		D5530FBD1CA03FB10064A220 /* CapitalCityRuined.png in Resources */ = {isa = PBXBuildFile; fileRef = D5530FB71CA03FB10064A220 /* CapitalCityRuined.png */; };
		D5530FBE1CA03FB10064A220 /* CapitalCityRuined@2x.png in Resources */ = {isa = PBXBuildFile; fileRef = D5530FB81CA03FB10064A220 /* CapitalCityRuined@2x.png */; };
		D559CD7A1FBA5B400053D8C2 /* PPTable.m in Sources */ = {isa = PBXBuildFile; fileRef = D559CD791FBA5B400053D8C2 /* PPTable.m */; };
		D55E4F7A1C877B5000320667 /* Stamp.png in Resources */ = {isa = PBXBuildFile; fileRef = D55E4F781C877B5000320667 /* Stamp.png */; };
		D55E4F7B1C877B5000320667 /* Stamp@2x.png in Resources */ = {isa = PBXBuildFile; fileRef = D55E4F791C877B5000320667 /* Stamp@2x.png */; };
		D55E4F841C87807600320667 /* ChaosIcon.png in Resources */ = {isa = PBXBuildFile; fileRef = D55E4F7C1C87807600320667 /* ChaosIcon.png */; };
		D55E4F851C87807600320667 /* ChaosIcon@2x.png in Resources */ = {isa = PBXBuildFile; fileRef = D55E4F7D1C87807600320667 /* ChaosIcon@2x.png */; };
		D55E4F861C87807600320667 /* GypnosIcon.png in Resources */ = {isa = PBXBuildFile; fileRef = D55E4F7E1C87807600320667 /* GypnosIcon.png */; };
		D55E4F871C87807600320667 /* GypnosIcon@2x.png in Resources */ = {isa = PBXBuildFile; fileRef = D55E4F7F1C87807600320667 /* GypnosIcon@2x.png */; };
		D55E4F881C87807600320667 /* AppealIcon.png in Resources */ = {isa = PBXBuildFile; fileRef = D55E4F801C87807600320667 /* AppealIcon.png */; };
		D55E4F891C87807600320667 /* AppealIcon@2x.png in Resources */ = {isa = PBXBuildFile; fileRef = D55E4F811C87807600320667 /* AppealIcon@2x.png */; };
		D55E4F8A1C87807600320667 /* TelekinesisIcon.png in Resources */ = {isa = PBXBuildFile; fileRef = D55E4F821C87807600320667 /* TelekinesisIcon.png */; };
		D55E4F8B1C87807600320667 /* TelekinesisIcon@2x.png in Resources */ = {isa = PBXBuildFile; fileRef = D55E4F831C87807600320667 /* TelekinesisIcon@2x.png */; };
		D55E4F8E1C8782F100320667 /* Patch.png in Resources */ = {isa = PBXBuildFile; fileRef = D55E4F8C1C8782F100320667 /* Patch.png */; };
		D55E4F8F1C8782F100320667 /* Patch@2x.png in Resources */ = {isa = PBXBuildFile; fileRef = D55E4F8D1C8782F100320667 /* Patch@2x.png */; };
		D57C36581C85C8BB006CBA2D /* DomCasual.ttf in Resources */ = {isa = PBXBuildFile; fileRef = D588F3051C84D9D00054FE61 /* DomCasual.ttf */; };
		D57C36591C85C8BB006CBA2D /* Lasco-Bold.otf in Resources */ = {isa = PBXBuildFile; fileRef = D588F3061C84D9D00054FE61 /* Lasco-Bold.otf */; };
		D57C365A1C85C8BB006CBA2D /* Lasco-Regular.otf in Resources */ = {isa = PBXBuildFile; fileRef = D588F3071C84D9D00054FE61 /* Lasco-Regular.otf */; };
		D588F2BE1C84D96A0054FE61 /* 1_1.png in Resources */ = {isa = PBXBuildFile; fileRef = D588F2841C84D96A0054FE61 /* 1_1.png */; };
		D588F2BF1C84D96A0054FE61 /* 1_2.png in Resources */ = {isa = PBXBuildFile; fileRef = D588F2851C84D96A0054FE61 /* 1_2.png */; };
		D588F2C01C84D96A0054FE61 /* 2_1.png in Resources */ = {isa = PBXBuildFile; fileRef = D588F2861C84D96A0054FE61 /* 2_1.png */; };
		D588F2C11C84D96A0054FE61 /* 2_2.png in Resources */ = {isa = PBXBuildFile; fileRef = D588F2871C84D96A0054FE61 /* 2_2.png */; };
		D588F2C21C84D96A0054FE61 /* 3_1.png in Resources */ = {isa = PBXBuildFile; fileRef = D588F2881C84D96A0054FE61 /* 3_1.png */; };
		D588F2C31C84D96A0054FE61 /* 3_2.png in Resources */ = {isa = PBXBuildFile; fileRef = D588F2891C84D96A0054FE61 /* 3_2.png */; };
		D588F2C41C84D96A0054FE61 /* 4_1.png in Resources */ = {isa = PBXBuildFile; fileRef = D588F28A1C84D96A0054FE61 /* 4_1.png */; };
		D588F2C51C84D96A0054FE61 /* 4_2.png in Resources */ = {isa = PBXBuildFile; fileRef = D588F28B1C84D96A0054FE61 /* 4_2.png */; };
		D588F2C61C84D96A0054FE61 /* 4_3.png in Resources */ = {isa = PBXBuildFile; fileRef = D588F28C1C84D96A0054FE61 /* 4_3.png */; };
		D588F2CB1C84D96A0054FE61 /* AbilityButtonBg.png in Resources */ = {isa = PBXBuildFile; fileRef = D588F2911C84D96A0054FE61 /* AbilityButtonBg.png */; };
		D588F2CC1C84D96A0054FE61 /* AbilityButtonBg@2x.png in Resources */ = {isa = PBXBuildFile; fileRef = D588F2921C84D96A0054FE61 /* AbilityButtonBg@2x.png */; };
		D588F2CD1C84D96A0054FE61 /* background.png in Resources */ = {isa = PBXBuildFile; fileRef = D588F2931C84D96A0054FE61 /* background.png */; };
		D588F2CE1C84D96A0054FE61 /* CapitalCity.png in Resources */ = {isa = PBXBuildFile; fileRef = D588F2941C84D96A0054FE61 /* CapitalCity.png */; };
		D588F2CF1C84D96A0054FE61 /* CapitalCity@2x.png in Resources */ = {isa = PBXBuildFile; fileRef = D588F2951C84D96A0054FE61 /* CapitalCity@2x.png */; };
		D588F2D01C84D96A0054FE61 /* ClosePopupIcon.png in Resources */ = {isa = PBXBuildFile; fileRef = D588F2961C84D96A0054FE61 /* ClosePopupIcon.png */; };
		D588F2D11C84D96A0054FE61 /* ClosePopupIcon@2x.png in Resources */ = {isa = PBXBuildFile; fileRef = D588F2971C84D96A0054FE61 /* ClosePopupIcon@2x.png */; };
		D588F2D21C84D96A0054FE61 /* curse_glow.png in Resources */ = {isa = PBXBuildFile; fileRef = D588F2981C84D96A0054FE61 /* curse_glow.png */; };
		D588F2D31C84D96A0054FE61 /* curse_ground.png in Resources */ = {isa = PBXBuildFile; fileRef = D588F2991C84D96A0054FE61 /* curse_ground.png */; };
		D588F2D41C84D96A0054FE61 /* danger_curse.png in Resources */ = {isa = PBXBuildFile; fileRef = D588F29A1C84D96A0054FE61 /* danger_curse.png */; };
		D588F2D51C84D96A0054FE61 /* danger_elements.png in Resources */ = {isa = PBXBuildFile; fileRef = D588F29B1C84D96A0054FE61 /* danger_elements.png */; };
		D588F2D61C84D96A0054FE61 /* danger_monsters.png in Resources */ = {isa = PBXBuildFile; fileRef = D588F29C1C84D96A0054FE61 /* danger_monsters.png */; };
		D588F2D71C84D96A0054FE61 /* danger_plages.png in Resources */ = {isa = PBXBuildFile; fileRef = D588F29D1C84D96A0054FE61 /* danger_plages.png */; };
		D588F2D81C84D96A0054FE61 /* ending_defeat_destroyed.png in Resources */ = {isa = PBXBuildFile; fileRef = D588F29E1C84D96A0054FE61 /* ending_defeat_destroyed.png */; };
		D588F2D91C84D96A0054FE61 /* ending_defeat_popularity.png in Resources */ = {isa = PBXBuildFile; fileRef = D588F29F1C84D96A0054FE61 /* ending_defeat_popularity.png */; };
		D588F2DA1C84D96A0054FE61 /* ending_victory.png in Resources */ = {isa = PBXBuildFile; fileRef = D588F2A01C84D96A0054FE61 /* ending_victory.png */; };
		D588F2DB1C84D96A0054FE61 /* GameField.png in Resources */ = {isa = PBXBuildFile; fileRef = D588F2A11C84D96A0054FE61 /* GameField.png */; };
		D588F2DC1C84D96A0054FE61 /* GameField@2x.png in Resources */ = {isa = PBXBuildFile; fileRef = D588F2A21C84D96A0054FE61 /* GameField@2x.png */; };
		D588F2E01C84D96A0054FE61 /* intro1.png in Resources */ = {isa = PBXBuildFile; fileRef = D588F2A61C84D96A0054FE61 /* intro1.png */; };
		D588F2E11C84D96A0054FE61 /* intro2.png in Resources */ = {isa = PBXBuildFile; fileRef = D588F2A71C84D96A0054FE61 /* intro2.png */; };
		D588F2E21C84D96A0054FE61 /* PopupBg.png in Resources */ = {isa = PBXBuildFile; fileRef = D588F2A81C84D96A0054FE61 /* PopupBg.png */; };
		D588F2E31C84D96A0054FE61 /* PopupBg@2x.png in Resources */ = {isa = PBXBuildFile; fileRef = D588F2A91C84D96A0054FE61 /* PopupBg@2x.png */; };
		D588F2E51C84D96A0054FE61 /* RatingIcon.png in Resources */ = {isa = PBXBuildFile; fileRef = D588F2AB1C84D96A0054FE61 /* RatingIcon.png */; };
		D588F2E61C84D96A0054FE61 /* RatingIcon@2x.png in Resources */ = {isa = PBXBuildFile; fileRef = D588F2AC1C84D96A0054FE61 /* RatingIcon@2x.png */; };
		D588F2E71C84D96A0054FE61 /* Town1City.png in Resources */ = {isa = PBXBuildFile; fileRef = D588F2AD1C84D96A0054FE61 /* Town1City.png */; };
		D588F2E81C84D96A0054FE61 /* Town1City@2x.png in Resources */ = {isa = PBXBuildFile; fileRef = D588F2AE1C84D96A0054FE61 /* Town1City@2x.png */; };
		D588F2E91C84D96A0054FE61 /* Town2City.png in Resources */ = {isa = PBXBuildFile; fileRef = D588F2AF1C84D96A0054FE61 /* Town2City.png */; };
		D588F2EA1C84D96A0054FE61 /* Town2City@2x.png in Resources */ = {isa = PBXBuildFile; fileRef = D588F2B01C84D96A0054FE61 /* Town2City@2x.png */; };
		D588F2EB1C84D96A0054FE61 /* VillageFishermansCity.png in Resources */ = {isa = PBXBuildFile; fileRef = D588F2B11C84D96A0054FE61 /* VillageFishermansCity.png */; };
		D588F2EC1C84D96A0054FE61 /* VillageFishermansCity@2x.png in Resources */ = {isa = PBXBuildFile; fileRef = D588F2B21C84D96A0054FE61 /* VillageFishermansCity@2x.png */; };
		D588F2ED1C84D96A0054FE61 /* VillageLumbererCity.png in Resources */ = {isa = PBXBuildFile; fileRef = D588F2B31C84D96A0054FE61 /* VillageLumbererCity.png */; };
		D588F2EE1C84D96A0054FE61 /* VillageLumbererCity@2x.png in Resources */ = {isa = PBXBuildFile; fileRef = D588F2B41C84D96A0054FE61 /* VillageLumbererCity@2x.png */; };
		D588F2EF1C84D96A0054FE61 /* VillageVariorsCity.png in Resources */ = {isa = PBXBuildFile; fileRef = D588F2B51C84D96A0054FE61 /* VillageVariorsCity.png */; };
		D588F2F01C84D96A0054FE61 /* VillageVariorsCity@2x.png in Resources */ = {isa = PBXBuildFile; fileRef = D588F2B61C84D96A0054FE61 /* VillageVariorsCity@2x.png */; };
		D588F2FF1C84D9940054FE61 /* battle_loosing.wav in Resources */ = {isa = PBXBuildFile; fileRef = D588F2F81C84D9940054FE61 /* battle_loosing.wav */; };
		D588F3001C84D9940054FE61 /* battle_win.wav in Resources */ = {isa = PBXBuildFile; fileRef = D588F2F91C84D9940054FE61 /* battle_win.wav */; };
		D588F3011C84D9940054FE61 /* casting.m4a in Resources */ = {isa = PBXBuildFile; fileRef = D588F2FA1C84D9940054FE61 /* casting.m4a */; };
		D588F3021C84D9940054FE61 /* danger_happen.wav in Resources */ = {isa = PBXBuildFile; fileRef = D588F2FB1C84D9940054FE61 /* danger_happen.wav */; };
		D588F3031C84D9940054FE61 /* main_music.mp3 in Resources */ = {isa = PBXBuildFile; fileRef = D588F2FC1C84D9940054FE61 /* main_music.mp3 */; };
		D588F3041C84D9940054FE61 /* time_ticking.wav in Resources */ = {isa = PBXBuildFile; fileRef = D588F2FD1C84D9940054FE61 /* time_ticking.wav */; };
		D58AA5FB1C88CFFB0051F53C /* Clock.png in Resources */ = {isa = PBXBuildFile; fileRef = D58AA5F91C88CFFB0051F53C /* Clock.png */; };
		D58AA5FC1C88CFFB0051F53C /* Clock@2x.png in Resources */ = {isa = PBXBuildFile; fileRef = D58AA5FA1C88CFFB0051F53C /* Clock@2x.png */; };
		D58AA6021C88DCD10051F53C /* MagIcon.png in Resources */ = {isa = PBXBuildFile; fileRef = D58AA6001C88DCD10051F53C /* MagIcon.png */; };
		D58AA6031C88DCD10051F53C /* MagIcon@2x.png in Resources */ = {isa = PBXBuildFile; fileRef = D58AA6011C88DCD10051F53C /* MagIcon@2x.png */; };
		D59517001C8C9961000C4278 /* SSDrawingUtilities.m in Sources */ = {isa = PBXBuildFile; fileRef = D59516FA1C8C9961000C4278 /* SSDrawingUtilities.m */; };
		D59517011C8C9961000C4278 /* SSPieProgressView.m in Sources */ = {isa = PBXBuildFile; fileRef = D59516FC1C8C9961000C4278 /* SSPieProgressView.m */; };
		D59517021C8C9961000C4278 /* TYMProgressBarView.m in Sources */ = {isa = PBXBuildFile; fileRef = D59516FF1C8C9961000C4278 /* TYMProgressBarView.m */; };
		D5B4E0411C9148C800CDCDC0 /* PBSmall.png in Resources */ = {isa = PBXBuildFile; fileRef = D5B4E03F1C9148C800CDCDC0 /* PBSmall.png */; };
		D5B4E0421C9148C800CDCDC0 /* PBSmall@2x.png in Resources */ = {isa = PBXBuildFile; fileRef = D5B4E0401C9148C800CDCDC0 /* PBSmall@2x.png */; };
		D5B4E0451C9150E300CDCDC0 /* PPProgressView.m in Sources */ = {isa = PBXBuildFile; fileRef = D5B4E0441C9150E300CDCDC0 /* PPProgressView.m */; };
		D5CFB5021C930542002D3E77 /* TelePBIcon.png in Resources */ = {isa = PBXBuildFile; fileRef = D5CFB4F41C930542002D3E77 /* TelePBIcon.png */; };
		D5CFB5031C930542002D3E77 /* TelePBIcon@2x.png in Resources */ = {isa = PBXBuildFile; fileRef = D5CFB4F51C930542002D3E77 /* TelePBIcon@2x.png */; };
		D5CFB5041C930542002D3E77 /* ChaosPBIcon.png in Resources */ = {isa = PBXBuildFile; fileRef = D5CFB4F61C930542002D3E77 /* ChaosPBIcon.png */; };
		D5CFB5051C930542002D3E77 /* ChaosPBIcon@2x.png in Resources */ = {isa = PBXBuildFile; fileRef = D5CFB4F71C930542002D3E77 /* ChaosPBIcon@2x.png */; };
		D5CFB5061C930542002D3E77 /* SummonPBIcon.png in Resources */ = {isa = PBXBuildFile; fileRef = D5CFB4F81C930542002D3E77 /* SummonPBIcon.png */; };
		D5CFB5071C930542002D3E77 /* SummonPBIcon@2x.png in Resources */ = {isa = PBXBuildFile; fileRef = D5CFB4F91C930542002D3E77 /* SummonPBIcon@2x.png */; };
		D5CFB5081C930542002D3E77 /* HypnoPBIcon.png in Resources */ = {isa = PBXBuildFile; fileRef = D5CFB4FA1C930542002D3E77 /* HypnoPBIcon.png */; };
		D5CFB5091C930542002D3E77 /* HypnoPBIcon@2x.png in Resources */ = {isa = PBXBuildFile; fileRef = D5CFB4FB1C930542002D3E77 /* HypnoPBIcon@2x.png */; };
		D5CFB50A1C930542002D3E77 /* PBSmallProgress.png in Resources */ = {isa = PBXBuildFile; fileRef = D5CFB4FC1C930542002D3E77 /* PBSmallProgress.png */; };
		D5CFB50B1C930542002D3E77 /* PBSmallProgress@2x.png in Resources */ = {isa = PBXBuildFile; fileRef = D5CFB4FD1C930542002D3E77 /* PBSmallProgress@2x.png */; };
		D5CFB50C1C930542002D3E77 /* PBBigProgress.png in Resources */ = {isa = PBXBuildFile; fileRef = D5CFB4FE1C930542002D3E77 /* PBBigProgress.png */; };
		D5CFB50D1C930542002D3E77 /* PBBigProgress@2x.png in Resources */ = {isa = PBXBuildFile; fileRef = D5CFB4FF1C930542002D3E77 /* PBBigProgress@2x.png */; };
		D5CFB50E1C930542002D3E77 /* PBBig.png in Resources */ = {isa = PBXBuildFile; fileRef = D5CFB5001C930542002D3E77 /* PBBig.png */; };
		D5CFB50F1C930542002D3E77 /* PBBig@2x.png in Resources */ = {isa = PBXBuildFile; fileRef = D5CFB5011C930542002D3E77 /* PBBig@2x.png */; };
		D5CFB5121C93054A002D3E77 /* PPProgressBarView.m in Sources */ = {isa = PBXBuildFile; fileRef = D5CFB5111C93054A002D3E77 /* PPProgressBarView.m */; };
		D5CFB5171C969AE1002D3E77 /* PBMiddleProgress.png in Resources */ = {isa = PBXBuildFile; fileRef = D5CFB5131C969AE1002D3E77 /* PBMiddleProgress.png */; };
		D5CFB5181C969AE1002D3E77 /* PBMiddleProgress@2x.png in Resources */ = {isa = PBXBuildFile; fileRef = D5CFB5141C969AE1002D3E77 /* PBMiddleProgress@2x.png */; };
		D5CFB5191C969AE1002D3E77 /* PBMiddle.png in Resources */ = {isa = PBXBuildFile; fileRef = D5CFB5151C969AE1002D3E77 /* PBMiddle.png */; };
		D5CFB51A1C969AE1002D3E77 /* PBMiddle@2x.png in Resources */ = {isa = PBXBuildFile; fileRef = D5CFB5161C969AE1002D3E77 /* PBMiddle@2x.png */; };
		D5EE66FA1FF2FA5E000E862B /* PPGoogleBaseModel.m in Sources */ = {isa = PBXBuildFile; fileRef = D5EE66F91FF2FA5E000E862B /* PPGoogleBaseModel.m */; };
		EF4E2941C1CE20A89BFA82C9 /* libPods-TheDoomedKingdom.a in Frameworks */ = {isa = PBXBuildFile; fileRef = 975D19DF0B3C07815038CBBB /* libPods-TheDoomedKingdom.a */; };
/* End PBXBuildFile section */

/* Begin PBXFileReference section */
		5CED44F41C5E37A400D9256F /* PaperView.h */ = {isa = PBXFileReference; fileEncoding = 4; lastKnownFileType = sourcecode.c.h; path = PaperView.h; sourceTree = "<group>"; };
		5CED44F51C5E37A400D9256F /* PaperView.m */ = {isa = PBXFileReference; fileEncoding = 4; lastKnownFileType = sourcecode.c.objc; path = PaperView.m; sourceTree = "<group>"; };
		5CED44F91C5E3FD100D9256F /* Images.xcassets */ = {isa = PBXFileReference; lastKnownFileType = folder.assetcatalog; path = Images.xcassets; sourceTree = "<group>"; };
		975D19DF0B3C07815038CBBB /* libPods-TheDoomedKingdom.a */ = {isa = PBXFileReference; explicitFileType = archive.ar; includeInIndex = 0; path = "libPods-TheDoomedKingdom.a"; sourceTree = BUILT_PRODUCTS_DIR; };
		D51D03251C975DD100FE1467 /* ProgressStripe.png */ = {isa = PBXFileReference; lastKnownFileType = image.png; path = ProgressStripe.png; sourceTree = "<group>"; };
		D51D03261C975DD100FE1467 /* ProgressStripe@2x.png */ = {isa = PBXFileReference; lastKnownFileType = image.png; path = "ProgressStripe@2x.png"; sourceTree = "<group>"; };
		D51D03291C97E0A700FE1467 /* library.tsv */ = {isa = PBXFileReference; fileEncoding = 4; lastKnownFileType = text; path = library.tsv; sourceTree = "<group>"; };
		D51D032B1C97E11700FE1467 /* PPLibraryItem.h */ = {isa = PBXFileReference; fileEncoding = 4; lastKnownFileType = sourcecode.c.h; path = PPLibraryItem.h; sourceTree = "<group>"; };
		D51D032C1C97E11700FE1467 /* PPLibraryItem.m */ = {isa = PBXFileReference; fileEncoding = 4; lastKnownFileType = sourcecode.c.objc; path = PPLibraryItem.m; sourceTree = "<group>"; };
		D51D032E1C97E6C200FE1467 /* LibraryNextButton.png */ = {isa = PBXFileReference; lastKnownFileType = image.png; path = LibraryNextButton.png; sourceTree = "<group>"; };
		D51D032F1C97E6C200FE1467 /* LibraryNextButton@2x.png */ = {isa = PBXFileReference; lastKnownFileType = image.png; path = "LibraryNextButton@2x.png"; sourceTree = "<group>"; };
		D51D03301C97E6C200FE1467 /* LibraryBackButton.png */ = {isa = PBXFileReference; lastKnownFileType = image.png; path = LibraryBackButton.png; sourceTree = "<group>"; };
		D51D03311C97E6C200FE1467 /* LibraryBackButton@2x.png */ = {isa = PBXFileReference; lastKnownFileType = image.png; path = "LibraryBackButton@2x.png"; sourceTree = "<group>"; };
		D51D03321C97E6C200FE1467 /* LibraryPaperBg.png */ = {isa = PBXFileReference; lastKnownFileType = image.png; path = LibraryPaperBg.png; sourceTree = "<group>"; };
		D51D03331C97E6C200FE1467 /* LibraryPaperBg@2x.png */ = {isa = PBXFileReference; lastKnownFileType = image.png; path = "LibraryPaperBg@2x.png"; sourceTree = "<group>"; };
		D51D03341C97E6C200FE1467 /* LibraryIcon.png */ = {isa = PBXFileReference; lastKnownFileType = image.png; path = LibraryIcon.png; sourceTree = "<group>"; };
		D51D03351C97E6C200FE1467 /* LibraryIcon@2x.png */ = {isa = PBXFileReference; lastKnownFileType = image.png; path = "LibraryIcon@2x.png"; sourceTree = "<group>"; };
		D51D033E1C97EB6900FE1467 /* PPLibraryViewController.h */ = {isa = PBXFileReference; fileEncoding = 4; lastKnownFileType = sourcecode.c.h; path = PPLibraryViewController.h; sourceTree = "<group>"; };
		D51D033F1C97EB6900FE1467 /* PPLibraryViewController.m */ = {isa = PBXFileReference; fileEncoding = 4; lastKnownFileType = sourcecode.c.objc; path = PPLibraryViewController.m; sourceTree = "<group>"; };
		D524122F1C5C8DBD00EB1FF4 /* Calamity.app */ = {isa = PBXFileReference; explicitFileType = wrapper.application; includeInIndex = 0; path = Calamity.app; sourceTree = BUILT_PRODUCTS_DIR; };
		D52412331C5C8DBD00EB1FF4 /* main.m */ = {isa = PBXFileReference; lastKnownFileType = sourcecode.c.objc; path = main.m; sourceTree = "<group>"; };
		D52412351C5C8DBD00EB1FF4 /* AppDelegate.h */ = {isa = PBXFileReference; lastKnownFileType = sourcecode.c.h; path = AppDelegate.h; sourceTree = "<group>"; };
		D52412361C5C8DBD00EB1FF4 /* AppDelegate.m */ = {isa = PBXFileReference; lastKnownFileType = sourcecode.c.objc; path = AppDelegate.m; sourceTree = "<group>"; };
		D524123C1C5C8DBD00EB1FF4 /* Base */ = {isa = PBXFileReference; lastKnownFileType = file.storyboard; name = Base; path = Base.lproj/Main.storyboard; sourceTree = "<group>"; };
		D524123E1C5C8DBD00EB1FF4 /* Assets.xcassets */ = {isa = PBXFileReference; lastKnownFileType = folder.assetcatalog; path = Assets.xcassets; sourceTree = "<group>"; };
		D52412411C5C8DBD00EB1FF4 /* Base */ = {isa = PBXFileReference; lastKnownFileType = file.storyboard; name = Base; path = Base.lproj/LaunchScreen.storyboard; sourceTree = "<group>"; };
		D52412431C5C8DBD00EB1FF4 /* Info.plist */ = {isa = PBXFileReference; lastKnownFileType = text.plist.xml; path = Info.plist; sourceTree = "<group>"; };
		D52412491C5C8DE400EB1FF4 /* Foundation.framework */ = {isa = PBXFileReference; lastKnownFileType = wrapper.framework; name = Foundation.framework; path = System/Library/Frameworks/Foundation.framework; sourceTree = SDKROOT; };
		D524124B1C5C8E2800EB1FF4 /* AssetsLibrary.framework */ = {isa = PBXFileReference; lastKnownFileType = wrapper.framework; name = AssetsLibrary.framework; path = System/Library/Frameworks/AssetsLibrary.framework; sourceTree = SDKROOT; };
		D524124C1C5C8E2800EB1FF4 /* AudioToolbox.framework */ = {isa = PBXFileReference; lastKnownFileType = wrapper.framework; name = AudioToolbox.framework; path = System/Library/Frameworks/AudioToolbox.framework; sourceTree = SDKROOT; };
		D524124D1C5C8E2800EB1FF4 /* CoreGraphics.framework */ = {isa = PBXFileReference; lastKnownFileType = wrapper.framework; name = CoreGraphics.framework; path = System/Library/Frameworks/CoreGraphics.framework; sourceTree = SDKROOT; };
		D524124E1C5C8E2800EB1FF4 /* CoreImage.framework */ = {isa = PBXFileReference; lastKnownFileType = wrapper.framework; name = CoreImage.framework; path = System/Library/Frameworks/CoreImage.framework; sourceTree = SDKROOT; };
		D524124F1C5C8E2800EB1FF4 /* CoreMedia.framework */ = {isa = PBXFileReference; lastKnownFileType = wrapper.framework; name = CoreMedia.framework; path = System/Library/Frameworks/CoreMedia.framework; sourceTree = SDKROOT; };
		D52412501C5C8E2800EB1FF4 /* QuartzCore.framework */ = {isa = PBXFileReference; lastKnownFileType = wrapper.framework; name = QuartzCore.framework; path = System/Library/Frameworks/QuartzCore.framework; sourceTree = SDKROOT; };
		D52412511C5C8E2800EB1FF4 /* SystemConfiguration.framework */ = {isa = PBXFileReference; lastKnownFileType = wrapper.framework; name = SystemConfiguration.framework; path = System/Library/Frameworks/SystemConfiguration.framework; sourceTree = SDKROOT; };
		D52412601C5C90FF00EB1FF4 /* GameKit.framework */ = {isa = PBXFileReference; lastKnownFileType = wrapper.framework; name = GameKit.framework; path = System/Library/Frameworks/GameKit.framework; sourceTree = SDKROOT; };
		D52412631C5C956000EB1FF4 /* PPPlayer.h */ = {isa = PBXFileReference; fileEncoding = 4; lastKnownFileType = sourcecode.c.h; path = PPPlayer.h; sourceTree = "<group>"; };
		D52412641C5C956000EB1FF4 /* PPPlayer.m */ = {isa = PBXFileReference; fileEncoding = 4; lastKnownFileType = sourcecode.c.objc; path = PPPlayer.m; sourceTree = "<group>"; };
		D52412661C5C958B00EB1FF4 /* PPDanger.h */ = {isa = PBXFileReference; fileEncoding = 4; lastKnownFileType = sourcecode.c.h; path = PPDanger.h; sourceTree = "<group>"; };
		D52412671C5C958B00EB1FF4 /* PPDanger.m */ = {isa = PBXFileReference; fileEncoding = 4; lastKnownFileType = sourcecode.c.objc; path = PPDanger.m; sourceTree = "<group>"; };
		D52412691C5C95B500EB1FF4 /* PPAbility.h */ = {isa = PBXFileReference; fileEncoding = 4; lastKnownFileType = sourcecode.c.h; path = PPAbility.h; sourceTree = "<group>"; };
		D524126A1C5C95B500EB1FF4 /* PPAbility.m */ = {isa = PBXFileReference; fileEncoding = 4; lastKnownFileType = sourcecode.c.objc; path = PPAbility.m; sourceTree = "<group>"; };
		D524126C1C5CA42100EB1FF4 /* PPCity.h */ = {isa = PBXFileReference; fileEncoding = 4; lastKnownFileType = sourcecode.c.h; path = PPCity.h; sourceTree = "<group>"; };
		D524126D1C5CA42100EB1FF4 /* PPCity.m */ = {isa = PBXFileReference; fileEncoding = 4; lastKnownFileType = sourcecode.c.objc; path = PPCity.m; sourceTree = "<group>"; };
		D524126F1C5CAA3000EB1FF4 /* PPKingdom.h */ = {isa = PBXFileReference; fileEncoding = 4; lastKnownFileType = sourcecode.c.h; path = PPKingdom.h; sourceTree = "<group>"; };
		D52412701C5CAA3000EB1FF4 /* PPKingdom.m */ = {isa = PBXFileReference; fileEncoding = 4; lastKnownFileType = sourcecode.c.objc; path = PPKingdom.m; sourceTree = "<group>"; };
		D52412721C5CACBA00EB1FF4 /* PPGame.h */ = {isa = PBXFileReference; fileEncoding = 4; lastKnownFileType = sourcecode.c.h; path = PPGame.h; sourceTree = "<group>"; };
		D52412731C5CACBA00EB1FF4 /* PPGame.m */ = {isa = PBXFileReference; fileEncoding = 4; lastKnownFileType = sourcecode.c.objc; path = PPGame.m; sourceTree = "<group>"; };
		D52412751C5CAF2900EB1FF4 /* PPGlobalConstants.h */ = {isa = PBXFileReference; lastKnownFileType = sourcecode.c.h; path = PPGlobalConstants.h; sourceTree = "<group>"; };
		D52412761C5CC53E00EB1FF4 /* PPDangerResult.h */ = {isa = PBXFileReference; fileEncoding = 4; lastKnownFileType = sourcecode.c.h; path = PPDangerResult.h; sourceTree = "<group>"; };
		D52412771C5CC53E00EB1FF4 /* PPDangerResult.m */ = {isa = PBXFileReference; fileEncoding = 4; lastKnownFileType = sourcecode.c.objc; path = PPDangerResult.m; sourceTree = "<group>"; };
		D52412791C5CCDC600EB1FF4 /* PPValue.h */ = {isa = PBXFileReference; fileEncoding = 4; lastKnownFileType = sourcecode.c.h; path = PPValue.h; sourceTree = "<group>"; };
		D524127A1C5CCDC600EB1FF4 /* PPValue.m */ = {isa = PBXFileReference; fileEncoding = 4; lastKnownFileType = sourcecode.c.objc; path = PPValue.m; sourceTree = "<group>"; };
		D524127E1C5CE0BF00EB1FF4 /* CHCSVParser.h */ = {isa = PBXFileReference; fileEncoding = 4; lastKnownFileType = sourcecode.c.h; path = CHCSVParser.h; sourceTree = "<group>"; };
		D524127F1C5CE0BF00EB1FF4 /* CHCSVParser.m */ = {isa = PBXFileReference; fileEncoding = 4; lastKnownFileType = sourcecode.c.objc; path = CHCSVParser.m; sourceTree = "<group>"; };
		D524129A1C5D685100EB1FF4 /* EAColourfulProgressView.h */ = {isa = PBXFileReference; fileEncoding = 4; lastKnownFileType = sourcecode.c.h; path = EAColourfulProgressView.h; sourceTree = "<group>"; };
		D524129B1C5D685100EB1FF4 /* EAColourfulProgressView.m */ = {isa = PBXFileReference; fileEncoding = 4; lastKnownFileType = sourcecode.c.objc; path = EAColourfulProgressView.m; sourceTree = "<group>"; };
		D52412A61C5DE81C00EB1FF4 /* cities.tsv */ = {isa = PBXFileReference; fileEncoding = 4; lastKnownFileType = text; path = cities.tsv; sourceTree = "<group>"; };
		D52412A81C5DE8B500EB1FF4 /* dangers.tsv */ = {isa = PBXFileReference; fileEncoding = 4; lastKnownFileType = text; path = dangers.tsv; sourceTree = "<group>"; };
		D52412AA1C5DE92700EB1FF4 /* replics.tsv */ = {isa = PBXFileReference; fileEncoding = 4; lastKnownFileType = text; path = replics.tsv; sourceTree = "<group>"; };
		D524134C1C5E33C900EB1FF4 /* SoundController.m */ = {isa = PBXFileReference; fileEncoding = 4; lastKnownFileType = sourcecode.c.objc; path = SoundController.m; sourceTree = "<group>"; };
		D524134D1C5E33C900EB1FF4 /* SoundController.h */ = {isa = PBXFileReference; fileEncoding = 4; lastKnownFileType = sourcecode.c.h; path = SoundController.h; sourceTree = "<group>"; };
		D524134E1C5E33C900EB1FF4 /* PPDangerResultController.m */ = {isa = PBXFileReference; fileEncoding = 4; lastKnownFileType = sourcecode.c.objc; path = PPDangerResultController.m; sourceTree = "<group>"; };
		D524134F1C5E33C900EB1FF4 /* PPDangerResultController.h */ = {isa = PBXFileReference; fileEncoding = 4; lastKnownFileType = sourcecode.c.h; path = PPDangerResultController.h; sourceTree = "<group>"; };
		D52413501C5E33C900EB1FF4 /* PPDangerProgressController.m */ = {isa = PBXFileReference; fileEncoding = 4; lastKnownFileType = sourcecode.c.objc; path = PPDangerProgressController.m; sourceTree = "<group>"; };
		D52413511C5E33C900EB1FF4 /* PPDangerProgressController.h */ = {isa = PBXFileReference; fileEncoding = 4; lastKnownFileType = sourcecode.c.h; path = PPDangerProgressController.h; sourceTree = "<group>"; };
		D52413521C5E33C900EB1FF4 /* PPCityInfoController.m */ = {isa = PBXFileReference; fileEncoding = 4; lastKnownFileType = sourcecode.c.objc; path = PPCityInfoController.m; sourceTree = "<group>"; };
		D52413531C5E33C900EB1FF4 /* PPCityInfoController.h */ = {isa = PBXFileReference; fileEncoding = 4; lastKnownFileType = sourcecode.c.h; path = PPCityInfoController.h; sourceTree = "<group>"; };
		D52413541C5E33C900EB1FF4 /* PPCityDangerController.m */ = {isa = PBXFileReference; fileEncoding = 4; lastKnownFileType = sourcecode.c.objc; path = PPCityDangerController.m; sourceTree = "<group>"; };
		D52413551C5E33C900EB1FF4 /* PPCityDangerController.h */ = {isa = PBXFileReference; fileEncoding = 4; lastKnownFileType = sourcecode.c.h; path = PPCityDangerController.h; sourceTree = "<group>"; };
		D52413561C5E33C900EB1FF4 /* PPBaseGameController.m */ = {isa = PBXFileReference; fileEncoding = 4; lastKnownFileType = sourcecode.c.objc; path = PPBaseGameController.m; sourceTree = "<group>"; };
		D52413571C5E33C900EB1FF4 /* PPBaseGameController.h */ = {isa = PBXFileReference; fileEncoding = 4; lastKnownFileType = sourcecode.c.h; path = PPBaseGameController.h; sourceTree = "<group>"; };
		D52413581C5E33C900EB1FF4 /* IntroViewController.m */ = {isa = PBXFileReference; fileEncoding = 4; lastKnownFileType = sourcecode.c.objc; path = IntroViewController.m; sourceTree = "<group>"; };
		D52413591C5E33C900EB1FF4 /* IntroViewController.h */ = {isa = PBXFileReference; fileEncoding = 4; lastKnownFileType = sourcecode.c.h; path = IntroViewController.h; sourceTree = "<group>"; };
		D524135A1C5E33C900EB1FF4 /* EndingViewController.m */ = {isa = PBXFileReference; fileEncoding = 4; lastKnownFileType = sourcecode.c.objc; path = EndingViewController.m; sourceTree = "<group>"; };
		D524135B1C5E33C900EB1FF4 /* EndingViewController.h */ = {isa = PBXFileReference; fileEncoding = 4; lastKnownFileType = sourcecode.c.h; path = EndingViewController.h; sourceTree = "<group>"; };
		D524135C1C5E33C900EB1FF4 /* EndingsViewController.m */ = {isa = PBXFileReference; fileEncoding = 4; lastKnownFileType = sourcecode.c.objc; path = EndingsViewController.m; sourceTree = "<group>"; };
		D524135D1C5E33C900EB1FF4 /* EndingsViewController.h */ = {isa = PBXFileReference; fileEncoding = 4; lastKnownFileType = sourcecode.c.h; path = EndingsViewController.h; sourceTree = "<group>"; };
		D52413671C5E353300EB1FF4 /* PPResultView.m */ = {isa = PBXFileReference; fileEncoding = 4; lastKnownFileType = sourcecode.c.objc; path = PPResultView.m; sourceTree = "<group>"; };
		D52413681C5E353300EB1FF4 /* PPResultView.h */ = {isa = PBXFileReference; fileEncoding = 4; lastKnownFileType = sourcecode.c.h; path = PPResultView.h; sourceTree = "<group>"; };
		D524136B1C5E353300EB1FF4 /* PPPlayerAbilityView.m */ = {isa = PBXFileReference; fileEncoding = 4; lastKnownFileType = sourcecode.c.objc; path = PPPlayerAbilityView.m; sourceTree = "<group>"; };
		D524136C1C5E353300EB1FF4 /* PPPlayerAbilityView.h */ = {isa = PBXFileReference; fileEncoding = 4; lastKnownFileType = sourcecode.c.h; path = PPPlayerAbilityView.h; sourceTree = "<group>"; };
		D524136D1C5E353300EB1FF4 /* PPDangerView.m */ = {isa = PBXFileReference; fileEncoding = 4; lastKnownFileType = sourcecode.c.objc; path = PPDangerView.m; sourceTree = "<group>"; };
		D524136E1C5E353300EB1FF4 /* PPDangerView.h */ = {isa = PBXFileReference; fileEncoding = 4; lastKnownFileType = sourcecode.c.h; path = PPDangerView.h; sourceTree = "<group>"; };
		D524136F1C5E353300EB1FF4 /* PPDangerAbilityView.m */ = {isa = PBXFileReference; fileEncoding = 4; lastKnownFileType = sourcecode.c.objc; path = PPDangerAbilityView.m; sourceTree = "<group>"; };
		D52413701C5E353300EB1FF4 /* PPDangerAbilityView.h */ = {isa = PBXFileReference; fileEncoding = 4; lastKnownFileType = sourcecode.c.h; path = PPDangerAbilityView.h; sourceTree = "<group>"; };
		D52413711C5E353300EB1FF4 /* PPClosePopupView.m */ = {isa = PBXFileReference; fileEncoding = 4; lastKnownFileType = sourcecode.c.objc; path = PPClosePopupView.m; sourceTree = "<group>"; };
		D52413721C5E353300EB1FF4 /* PPClosePopupView.h */ = {isa = PBXFileReference; fileEncoding = 4; lastKnownFileType = sourcecode.c.h; path = PPClosePopupView.h; sourceTree = "<group>"; };
		D52413731C5E353300EB1FF4 /* PPCityView.m */ = {isa = PBXFileReference; fileEncoding = 4; lastKnownFileType = sourcecode.c.objc; path = PPCityView.m; sourceTree = "<group>"; };
		D52413741C5E353300EB1FF4 /* PPCityView.h */ = {isa = PBXFileReference; fileEncoding = 4; lastKnownFileType = sourcecode.c.h; path = PPCityView.h; sourceTree = "<group>"; };
		D5530FB31CA03FB10064A220 /* VillageRuined.png */ = {isa = PBXFileReference; lastKnownFileType = image.png; path = VillageRuined.png; sourceTree = "<group>"; };
		D5530FB41CA03FB10064A220 /* VillageRuined@2x.png */ = {isa = PBXFileReference; lastKnownFileType = image.png; path = "VillageRuined@2x.png"; sourceTree = "<group>"; };
		D5530FB51CA03FB10064A220 /* TownRuined.png */ = {isa = PBXFileReference; lastKnownFileType = image.png; path = TownRuined.png; sourceTree = "<group>"; };
		D5530FB61CA03FB10064A220 /* TownRuined@2x.png */ = {isa = PBXFileReference; lastKnownFileType = image.png; path = "TownRuined@2x.png"; sourceTree = "<group>"; };
		D5530FB71CA03FB10064A220 /* CapitalCityRuined.png */ = {isa = PBXFileReference; lastKnownFileType = image.png; path = CapitalCityRuined.png; sourceTree = "<group>"; };
		D5530FB81CA03FB10064A220 /* CapitalCityRuined@2x.png */ = {isa = PBXFileReference; lastKnownFileType = image.png; path = "CapitalCityRuined@2x.png"; sourceTree = "<group>"; };
		D559CD781FBA5B400053D8C2 /* PPTable.h */ = {isa = PBXFileReference; lastKnownFileType = sourcecode.c.h; path = PPTable.h; sourceTree = "<group>"; };
		D559CD791FBA5B400053D8C2 /* PPTable.m */ = {isa = PBXFileReference; lastKnownFileType = sourcecode.c.objc; path = PPTable.m; sourceTree = "<group>"; };
		D55E4F781C877B5000320667 /* Stamp.png */ = {isa = PBXFileReference; lastKnownFileType = image.png; path = Stamp.png; sourceTree = "<group>"; };
		D55E4F791C877B5000320667 /* Stamp@2x.png */ = {isa = PBXFileReference; lastKnownFileType = image.png; path = "Stamp@2x.png"; sourceTree = "<group>"; };
		D55E4F7C1C87807600320667 /* ChaosIcon.png */ = {isa = PBXFileReference; lastKnownFileType = image.png; path = ChaosIcon.png; sourceTree = "<group>"; };
		D55E4F7D1C87807600320667 /* ChaosIcon@2x.png */ = {isa = PBXFileReference; lastKnownFileType = image.png; path = "ChaosIcon@2x.png"; sourceTree = "<group>"; };
		D55E4F7E1C87807600320667 /* GypnosIcon.png */ = {isa = PBXFileReference; lastKnownFileType = image.png; path = GypnosIcon.png; sourceTree = "<group>"; };
		D55E4F7F1C87807600320667 /* GypnosIcon@2x.png */ = {isa = PBXFileReference; lastKnownFileType = image.png; path = "GypnosIcon@2x.png"; sourceTree = "<group>"; };
		D55E4F801C87807600320667 /* AppealIcon.png */ = {isa = PBXFileReference; lastKnownFileType = image.png; path = AppealIcon.png; sourceTree = "<group>"; };
		D55E4F811C87807600320667 /* AppealIcon@2x.png */ = {isa = PBXFileReference; lastKnownFileType = image.png; path = "AppealIcon@2x.png"; sourceTree = "<group>"; };
		D55E4F821C87807600320667 /* TelekinesisIcon.png */ = {isa = PBXFileReference; lastKnownFileType = image.png; path = TelekinesisIcon.png; sourceTree = "<group>"; };
		D55E4F831C87807600320667 /* TelekinesisIcon@2x.png */ = {isa = PBXFileReference; lastKnownFileType = image.png; path = "TelekinesisIcon@2x.png"; sourceTree = "<group>"; };
		D55E4F8C1C8782F100320667 /* Patch.png */ = {isa = PBXFileReference; lastKnownFileType = image.png; path = Patch.png; sourceTree = "<group>"; };
		D55E4F8D1C8782F100320667 /* Patch@2x.png */ = {isa = PBXFileReference; lastKnownFileType = image.png; path = "Patch@2x.png"; sourceTree = "<group>"; };
		D588F2841C84D96A0054FE61 /* 1_1.png */ = {isa = PBXFileReference; lastKnownFileType = image.png; path = 1_1.png; sourceTree = "<group>"; };
		D588F2851C84D96A0054FE61 /* 1_2.png */ = {isa = PBXFileReference; lastKnownFileType = image.png; path = 1_2.png; sourceTree = "<group>"; };
		D588F2861C84D96A0054FE61 /* 2_1.png */ = {isa = PBXFileReference; lastKnownFileType = image.png; path = 2_1.png; sourceTree = "<group>"; };
		D588F2871C84D96A0054FE61 /* 2_2.png */ = {isa = PBXFileReference; lastKnownFileType = image.png; path = 2_2.png; sourceTree = "<group>"; };
		D588F2881C84D96A0054FE61 /* 3_1.png */ = {isa = PBXFileReference; lastKnownFileType = image.png; path = 3_1.png; sourceTree = "<group>"; };
		D588F2891C84D96A0054FE61 /* 3_2.png */ = {isa = PBXFileReference; lastKnownFileType = image.png; path = 3_2.png; sourceTree = "<group>"; };
		D588F28A1C84D96A0054FE61 /* 4_1.png */ = {isa = PBXFileReference; lastKnownFileType = image.png; path = 4_1.png; sourceTree = "<group>"; };
		D588F28B1C84D96A0054FE61 /* 4_2.png */ = {isa = PBXFileReference; lastKnownFileType = image.png; path = 4_2.png; sourceTree = "<group>"; };
		D588F28C1C84D96A0054FE61 /* 4_3.png */ = {isa = PBXFileReference; lastKnownFileType = image.png; path = 4_3.png; sourceTree = "<group>"; };
		D588F2911C84D96A0054FE61 /* AbilityButtonBg.png */ = {isa = PBXFileReference; lastKnownFileType = image.png; path = AbilityButtonBg.png; sourceTree = "<group>"; };
		D588F2921C84D96A0054FE61 /* AbilityButtonBg@2x.png */ = {isa = PBXFileReference; lastKnownFileType = image.png; path = "AbilityButtonBg@2x.png"; sourceTree = "<group>"; };
		D588F2931C84D96A0054FE61 /* background.png */ = {isa = PBXFileReference; lastKnownFileType = image.png; path = background.png; sourceTree = "<group>"; };
		D588F2941C84D96A0054FE61 /* CapitalCity.png */ = {isa = PBXFileReference; lastKnownFileType = image.png; path = CapitalCity.png; sourceTree = "<group>"; };
		D588F2951C84D96A0054FE61 /* CapitalCity@2x.png */ = {isa = PBXFileReference; lastKnownFileType = image.png; path = "CapitalCity@2x.png"; sourceTree = "<group>"; };
		D588F2961C84D96A0054FE61 /* ClosePopupIcon.png */ = {isa = PBXFileReference; lastKnownFileType = image.png; path = ClosePopupIcon.png; sourceTree = "<group>"; };
		D588F2971C84D96A0054FE61 /* ClosePopupIcon@2x.png */ = {isa = PBXFileReference; lastKnownFileType = image.png; path = "ClosePopupIcon@2x.png"; sourceTree = "<group>"; };
		D588F2981C84D96A0054FE61 /* curse_glow.png */ = {isa = PBXFileReference; lastKnownFileType = image.png; path = curse_glow.png; sourceTree = "<group>"; };
		D588F2991C84D96A0054FE61 /* curse_ground.png */ = {isa = PBXFileReference; lastKnownFileType = image.png; path = curse_ground.png; sourceTree = "<group>"; };
		D588F29A1C84D96A0054FE61 /* danger_curse.png */ = {isa = PBXFileReference; lastKnownFileType = image.png; path = danger_curse.png; sourceTree = "<group>"; };
		D588F29B1C84D96A0054FE61 /* danger_elements.png */ = {isa = PBXFileReference; lastKnownFileType = image.png; path = danger_elements.png; sourceTree = "<group>"; };
		D588F29C1C84D96A0054FE61 /* danger_monsters.png */ = {isa = PBXFileReference; lastKnownFileType = image.png; path = danger_monsters.png; sourceTree = "<group>"; };
		D588F29D1C84D96A0054FE61 /* danger_plages.png */ = {isa = PBXFileReference; lastKnownFileType = image.png; path = danger_plages.png; sourceTree = "<group>"; };
		D588F29E1C84D96A0054FE61 /* ending_defeat_destroyed.png */ = {isa = PBXFileReference; lastKnownFileType = image.png; path = ending_defeat_destroyed.png; sourceTree = "<group>"; };
		D588F29F1C84D96A0054FE61 /* ending_defeat_popularity.png */ = {isa = PBXFileReference; lastKnownFileType = image.png; path = ending_defeat_popularity.png; sourceTree = "<group>"; };
		D588F2A01C84D96A0054FE61 /* ending_victory.png */ = {isa = PBXFileReference; lastKnownFileType = image.png; path = ending_victory.png; sourceTree = "<group>"; };
		D588F2A11C84D96A0054FE61 /* GameField.png */ = {isa = PBXFileReference; lastKnownFileType = image.png; path = GameField.png; sourceTree = "<group>"; };
		D588F2A21C84D96A0054FE61 /* GameField@2x.png */ = {isa = PBXFileReference; lastKnownFileType = image.png; path = "GameField@2x.png"; sourceTree = "<group>"; };
		D588F2A61C84D96A0054FE61 /* intro1.png */ = {isa = PBXFileReference; lastKnownFileType = image.png; path = intro1.png; sourceTree = "<group>"; };
		D588F2A71C84D96A0054FE61 /* intro2.png */ = {isa = PBXFileReference; lastKnownFileType = image.png; path = intro2.png; sourceTree = "<group>"; };
		D588F2A81C84D96A0054FE61 /* PopupBg.png */ = {isa = PBXFileReference; lastKnownFileType = image.png; path = PopupBg.png; sourceTree = "<group>"; };
		D588F2A91C84D96A0054FE61 /* PopupBg@2x.png */ = {isa = PBXFileReference; lastKnownFileType = image.png; path = "PopupBg@2x.png"; sourceTree = "<group>"; };
		D588F2AB1C84D96A0054FE61 /* RatingIcon.png */ = {isa = PBXFileReference; lastKnownFileType = image.png; path = RatingIcon.png; sourceTree = "<group>"; };
		D588F2AC1C84D96A0054FE61 /* RatingIcon@2x.png */ = {isa = PBXFileReference; lastKnownFileType = image.png; path = "RatingIcon@2x.png"; sourceTree = "<group>"; };
		D588F2AD1C84D96A0054FE61 /* Town1City.png */ = {isa = PBXFileReference; lastKnownFileType = image.png; path = Town1City.png; sourceTree = "<group>"; };
		D588F2AE1C84D96A0054FE61 /* Town1City@2x.png */ = {isa = PBXFileReference; lastKnownFileType = image.png; path = "Town1City@2x.png"; sourceTree = "<group>"; };
		D588F2AF1C84D96A0054FE61 /* Town2City.png */ = {isa = PBXFileReference; lastKnownFileType = image.png; path = Town2City.png; sourceTree = "<group>"; };
		D588F2B01C84D96A0054FE61 /* Town2City@2x.png */ = {isa = PBXFileReference; lastKnownFileType = image.png; path = "Town2City@2x.png"; sourceTree = "<group>"; };
		D588F2B11C84D96A0054FE61 /* VillageFishermansCity.png */ = {isa = PBXFileReference; lastKnownFileType = image.png; path = VillageFishermansCity.png; sourceTree = "<group>"; };
		D588F2B21C84D96A0054FE61 /* VillageFishermansCity@2x.png */ = {isa = PBXFileReference; lastKnownFileType = image.png; path = "VillageFishermansCity@2x.png"; sourceTree = "<group>"; };
		D588F2B31C84D96A0054FE61 /* VillageLumbererCity.png */ = {isa = PBXFileReference; lastKnownFileType = image.png; path = VillageLumbererCity.png; sourceTree = "<group>"; };
		D588F2B41C84D96A0054FE61 /* VillageLumbererCity@2x.png */ = {isa = PBXFileReference; lastKnownFileType = image.png; path = "VillageLumbererCity@2x.png"; sourceTree = "<group>"; };
		D588F2B51C84D96A0054FE61 /* VillageVariorsCity.png */ = {isa = PBXFileReference; lastKnownFileType = image.png; path = VillageVariorsCity.png; sourceTree = "<group>"; };
		D588F2B61C84D96A0054FE61 /* VillageVariorsCity@2x.png */ = {isa = PBXFileReference; lastKnownFileType = image.png; path = "VillageVariorsCity@2x.png"; sourceTree = "<group>"; };
		D588F2F81C84D9940054FE61 /* battle_loosing.wav */ = {isa = PBXFileReference; lastKnownFileType = audio.wav; path = battle_loosing.wav; sourceTree = "<group>"; };
		D588F2F91C84D9940054FE61 /* battle_win.wav */ = {isa = PBXFileReference; lastKnownFileType = audio.wav; path = battle_win.wav; sourceTree = "<group>"; };
		D588F2FA1C84D9940054FE61 /* casting.m4a */ = {isa = PBXFileReference; lastKnownFileType = file; path = casting.m4a; sourceTree = "<group>"; };
		D588F2FB1C84D9940054FE61 /* danger_happen.wav */ = {isa = PBXFileReference; lastKnownFileType = audio.wav; path = danger_happen.wav; sourceTree = "<group>"; };
		D588F2FC1C84D9940054FE61 /* main_music.mp3 */ = {isa = PBXFileReference; lastKnownFileType = audio.mp3; path = main_music.mp3; sourceTree = "<group>"; };
		D588F2FD1C84D9940054FE61 /* time_ticking.wav */ = {isa = PBXFileReference; lastKnownFileType = audio.wav; path = time_ticking.wav; sourceTree = "<group>"; };
		D588F3051C84D9D00054FE61 /* DomCasual.ttf */ = {isa = PBXFileReference; lastKnownFileType = file; path = DomCasual.ttf; sourceTree = "<group>"; };
		D588F3061C84D9D00054FE61 /* Lasco-Bold.otf */ = {isa = PBXFileReference; lastKnownFileType = file; path = "Lasco-Bold.otf"; sourceTree = "<group>"; };
		D588F3071C84D9D00054FE61 /* Lasco-Regular.otf */ = {isa = PBXFileReference; lastKnownFileType = file; path = "Lasco-Regular.otf"; sourceTree = "<group>"; };
		D58AA5F91C88CFFB0051F53C /* Clock.png */ = {isa = PBXFileReference; lastKnownFileType = image.png; path = Clock.png; sourceTree = "<group>"; };
		D58AA5FA1C88CFFB0051F53C /* Clock@2x.png */ = {isa = PBXFileReference; lastKnownFileType = image.png; path = "Clock@2x.png"; sourceTree = "<group>"; };
		D58AA6001C88DCD10051F53C /* MagIcon.png */ = {isa = PBXFileReference; lastKnownFileType = image.png; path = MagIcon.png; sourceTree = "<group>"; };
		D58AA6011C88DCD10051F53C /* MagIcon@2x.png */ = {isa = PBXFileReference; lastKnownFileType = image.png; path = "MagIcon@2x.png"; sourceTree = "<group>"; };
		D59516F91C8C9961000C4278 /* SSDrawingUtilities.h */ = {isa = PBXFileReference; fileEncoding = 4; lastKnownFileType = sourcecode.c.h; path = SSDrawingUtilities.h; sourceTree = "<group>"; };
		D59516FA1C8C9961000C4278 /* SSDrawingUtilities.m */ = {isa = PBXFileReference; fileEncoding = 4; lastKnownFileType = sourcecode.c.objc; path = SSDrawingUtilities.m; sourceTree = "<group>"; };
		D59516FB1C8C9961000C4278 /* SSPieProgressView.h */ = {isa = PBXFileReference; fileEncoding = 4; lastKnownFileType = sourcecode.c.h; path = SSPieProgressView.h; sourceTree = "<group>"; };
		D59516FC1C8C9961000C4278 /* SSPieProgressView.m */ = {isa = PBXFileReference; fileEncoding = 4; lastKnownFileType = sourcecode.c.objc; path = SSPieProgressView.m; sourceTree = "<group>"; };
		D59516FE1C8C9961000C4278 /* TYMProgressBarView.h */ = {isa = PBXFileReference; fileEncoding = 4; lastKnownFileType = sourcecode.c.h; path = TYMProgressBarView.h; sourceTree = "<group>"; };
		D59516FF1C8C9961000C4278 /* TYMProgressBarView.m */ = {isa = PBXFileReference; fileEncoding = 4; lastKnownFileType = sourcecode.c.objc; path = TYMProgressBarView.m; sourceTree = "<group>"; };
		D5B4E03F1C9148C800CDCDC0 /* PBSmall.png */ = {isa = PBXFileReference; lastKnownFileType = image.png; path = PBSmall.png; sourceTree = "<group>"; };
		D5B4E0401C9148C800CDCDC0 /* PBSmall@2x.png */ = {isa = PBXFileReference; lastKnownFileType = image.png; path = "PBSmall@2x.png"; sourceTree = "<group>"; };
		D5B4E0431C9150E300CDCDC0 /* PPProgressView.h */ = {isa = PBXFileReference; fileEncoding = 4; lastKnownFileType = sourcecode.c.h; path = PPProgressView.h; sourceTree = "<group>"; };
		D5B4E0441C9150E300CDCDC0 /* PPProgressView.m */ = {isa = PBXFileReference; fileEncoding = 4; lastKnownFileType = sourcecode.c.objc; path = PPProgressView.m; sourceTree = "<group>"; };
		D5CFB4F41C930542002D3E77 /* TelePBIcon.png */ = {isa = PBXFileReference; lastKnownFileType = image.png; path = TelePBIcon.png; sourceTree = "<group>"; };
		D5CFB4F51C930542002D3E77 /* TelePBIcon@2x.png */ = {isa = PBXFileReference; lastKnownFileType = image.png; path = "TelePBIcon@2x.png"; sourceTree = "<group>"; };
		D5CFB4F61C930542002D3E77 /* ChaosPBIcon.png */ = {isa = PBXFileReference; lastKnownFileType = image.png; path = ChaosPBIcon.png; sourceTree = "<group>"; };
		D5CFB4F71C930542002D3E77 /* ChaosPBIcon@2x.png */ = {isa = PBXFileReference; lastKnownFileType = image.png; path = "ChaosPBIcon@2x.png"; sourceTree = "<group>"; };
		D5CFB4F81C930542002D3E77 /* SummonPBIcon.png */ = {isa = PBXFileReference; lastKnownFileType = image.png; path = SummonPBIcon.png; sourceTree = "<group>"; };
		D5CFB4F91C930542002D3E77 /* SummonPBIcon@2x.png */ = {isa = PBXFileReference; lastKnownFileType = image.png; path = "SummonPBIcon@2x.png"; sourceTree = "<group>"; };
		D5CFB4FA1C930542002D3E77 /* HypnoPBIcon.png */ = {isa = PBXFileReference; lastKnownFileType = image.png; path = HypnoPBIcon.png; sourceTree = "<group>"; };
		D5CFB4FB1C930542002D3E77 /* HypnoPBIcon@2x.png */ = {isa = PBXFileReference; lastKnownFileType = image.png; path = "HypnoPBIcon@2x.png"; sourceTree = "<group>"; };
		D5CFB4FC1C930542002D3E77 /* PBSmallProgress.png */ = {isa = PBXFileReference; lastKnownFileType = image.png; path = PBSmallProgress.png; sourceTree = "<group>"; };
		D5CFB4FD1C930542002D3E77 /* PBSmallProgress@2x.png */ = {isa = PBXFileReference; lastKnownFileType = image.png; path = "PBSmallProgress@2x.png"; sourceTree = "<group>"; };
		D5CFB4FE1C930542002D3E77 /* PBBigProgress.png */ = {isa = PBXFileReference; lastKnownFileType = image.png; path = PBBigProgress.png; sourceTree = "<group>"; };
		D5CFB4FF1C930542002D3E77 /* PBBigProgress@2x.png */ = {isa = PBXFileReference; lastKnownFileType = image.png; path = "PBBigProgress@2x.png"; sourceTree = "<group>"; };
		D5CFB5001C930542002D3E77 /* PBBig.png */ = {isa = PBXFileReference; lastKnownFileType = image.png; path = PBBig.png; sourceTree = "<group>"; };
		D5CFB5011C930542002D3E77 /* PBBig@2x.png */ = {isa = PBXFileReference; lastKnownFileType = image.png; path = "PBBig@2x.png"; sourceTree = "<group>"; };
		D5CFB5101C93054A002D3E77 /* PPProgressBarView.h */ = {isa = PBXFileReference; fileEncoding = 4; lastKnownFileType = sourcecode.c.h; path = PPProgressBarView.h; sourceTree = "<group>"; };
		D5CFB5111C93054A002D3E77 /* PPProgressBarView.m */ = {isa = PBXFileReference; fileEncoding = 4; lastKnownFileType = sourcecode.c.objc; path = PPProgressBarView.m; sourceTree = "<group>"; };
		D5CFB5131C969AE1002D3E77 /* PBMiddleProgress.png */ = {isa = PBXFileReference; lastKnownFileType = image.png; path = PBMiddleProgress.png; sourceTree = "<group>"; };
		D5CFB5141C969AE1002D3E77 /* PBMiddleProgress@2x.png */ = {isa = PBXFileReference; lastKnownFileType = image.png; path = "PBMiddleProgress@2x.png"; sourceTree = "<group>"; };
		D5CFB5151C969AE1002D3E77 /* PBMiddle.png */ = {isa = PBXFileReference; lastKnownFileType = image.png; path = PBMiddle.png; sourceTree = "<group>"; };
		D5CFB5161C969AE1002D3E77 /* PBMiddle@2x.png */ = {isa = PBXFileReference; lastKnownFileType = image.png; path = "PBMiddle@2x.png"; sourceTree = "<group>"; };
		D5EB55361C6745480085CA22 /* PPCalamityKingdom.pch */ = {isa = PBXFileReference; lastKnownFileType = sourcecode.c.h; path = PPCalamityKingdom.pch; sourceTree = "<group>"; };
		D5EE66F81FF2FA5E000E862B /* PPGoogleBaseModel.h */ = {isa = PBXFileReference; lastKnownFileType = sourcecode.c.h; path = PPGoogleBaseModel.h; sourceTree = "<group>"; };
		D5EE66F91FF2FA5E000E862B /* PPGoogleBaseModel.m */ = {isa = PBXFileReference; lastKnownFileType = sourcecode.c.objc; path = PPGoogleBaseModel.m; sourceTree = "<group>"; };
		DEB8AAEF6ADD4DBF62811809 /* Pods-TheDoomedKingdom.release.xcconfig */ = {isa = PBXFileReference; includeInIndex = 1; lastKnownFileType = text.xcconfig; name = "Pods-TheDoomedKingdom.release.xcconfig"; path = "Pods/Target Support Files/Pods-TheDoomedKingdom/Pods-TheDoomedKingdom.release.xcconfig"; sourceTree = "<group>"; };
		ED32AF1F93B64CC5D4F1788A /* Pods-TheDoomedKingdom.debug.xcconfig */ = {isa = PBXFileReference; includeInIndex = 1; lastKnownFileType = text.xcconfig; name = "Pods-TheDoomedKingdom.debug.xcconfig"; path = "Pods/Target Support Files/Pods-TheDoomedKingdom/Pods-TheDoomedKingdom.debug.xcconfig"; sourceTree = "<group>"; };
/* End PBXFileReference section */

/* Begin PBXFrameworksBuildPhase section */
		D524122C1C5C8DBD00EB1FF4 /* Frameworks */ = {
			isa = PBXFrameworksBuildPhase;
			buildActionMask = 2147483647;
			files = (
				D52412521C5C8E2800EB1FF4 /* AssetsLibrary.framework in Frameworks */,
				D52412531C5C8E2800EB1FF4 /* AudioToolbox.framework in Frameworks */,
				D52412541C5C8E2800EB1FF4 /* CoreGraphics.framework in Frameworks */,
				D52412551C5C8E2800EB1FF4 /* CoreImage.framework in Frameworks */,
				D52412561C5C8E2800EB1FF4 /* CoreMedia.framework in Frameworks */,
				D52412571C5C8E2800EB1FF4 /* QuartzCore.framework in Frameworks */,
				D52412581C5C8E2800EB1FF4 /* SystemConfiguration.framework in Frameworks */,
				D524124A1C5C8DE400EB1FF4 /* Foundation.framework in Frameworks */,
				EF4E2941C1CE20A89BFA82C9 /* libPods-TheDoomedKingdom.a in Frameworks */,
			);
			runOnlyForDeploymentPostprocessing = 0;
		};
/* End PBXFrameworksBuildPhase section */

/* Begin PBXGroup section */
		8A854AC7B2D67906B837B6CD /* Pods */ = {
			isa = PBXGroup;
			children = (
				ED32AF1F93B64CC5D4F1788A /* Pods-TheDoomedKingdom.debug.xcconfig */,
				DEB8AAEF6ADD4DBF62811809 /* Pods-TheDoomedKingdom.release.xcconfig */,
			);
			name = Pods;
			sourceTree = "<group>";
		};
		D52412261C5C8DBD00EB1FF4 = {
			isa = PBXGroup;
			children = (
				D52412311C5C8DBD00EB1FF4 /* TheDoomedKingdom */,
				D52412301C5C8DBD00EB1FF4 /* Products */,
				8A854AC7B2D67906B837B6CD /* Pods */,
				DAE09AC17C6891461DA8103D /* Frameworks */,
			);
			sourceTree = "<group>";
		};
		D52412301C5C8DBD00EB1FF4 /* Products */ = {
			isa = PBXGroup;
			children = (
				D524122F1C5C8DBD00EB1FF4 /* Calamity.app */,
			);
			name = Products;
			sourceTree = "<group>";
		};
		D52412311C5C8DBD00EB1FF4 /* TheDoomedKingdom */ = {
			isa = PBXGroup;
			children = (
				D524125A1C5C8E9800EB1FF4 /* Classes */,
				D52412351C5C8DBD00EB1FF4 /* AppDelegate.h */,
				D52412361C5C8DBD00EB1FF4 /* AppDelegate.m */,
				D524123B1C5C8DBD00EB1FF4 /* Main.storyboard */,
				D524127C1C5CDCBC00EB1FF4 /* ThirdParty */,
				D588F2821C84D96A0054FE61 /* Resources */,
				D52412321C5C8DBD00EB1FF4 /* Supporting Files */,
				D524125E1C5C8E9800EB1FF4 /* Frameworks */,
				5CED44F91C5E3FD100D9256F /* Images.xcassets */,
			);
			path = TheDoomedKingdom;
			sourceTree = "<group>";
		};
		D52412321C5C8DBD00EB1FF4 /* Supporting Files */ = {
			isa = PBXGroup;
			children = (
				D52412A61C5DE81C00EB1FF4 /* cities.tsv */,
				D52412A81C5DE8B500EB1FF4 /* dangers.tsv */,
				D52412AA1C5DE92700EB1FF4 /* replics.tsv */,
				D51D03291C97E0A700FE1467 /* library.tsv */,
				D524123E1C5C8DBD00EB1FF4 /* Assets.xcassets */,
				D52412401C5C8DBD00EB1FF4 /* LaunchScreen.storyboard */,
				D52412431C5C8DBD00EB1FF4 /* Info.plist */,
				D52412331C5C8DBD00EB1FF4 /* main.m */,
				D5EB55361C6745480085CA22 /* PPCalamityKingdom.pch */,
			);
			name = "Supporting Files";
			sourceTree = "<group>";
		};
		D524125A1C5C8E9800EB1FF4 /* Classes */ = {
			isa = PBXGroup;
			children = (
				D524128C1C5D31B300EB1FF4 /* Views */,
				D52412621C5C954C00EB1FF4 /* Models */,
				D524125B1C5C8E9800EB1FF4 /* Controllers */,
				D52412751C5CAF2900EB1FF4 /* PPGlobalConstants.h */,
			);
			path = Classes;
			sourceTree = "<group>";
		};
		D524125B1C5C8E9800EB1FF4 /* Controllers */ = {
			isa = PBXGroup;
			children = (
				D524135D1C5E33C900EB1FF4 /* EndingsViewController.h */,
				D524135C1C5E33C900EB1FF4 /* EndingsViewController.m */,
				D524135B1C5E33C900EB1FF4 /* EndingViewController.h */,
				D524135A1C5E33C900EB1FF4 /* EndingViewController.m */,
				D52413591C5E33C900EB1FF4 /* IntroViewController.h */,
				D52413581C5E33C900EB1FF4 /* IntroViewController.m */,
				D52413571C5E33C900EB1FF4 /* PPBaseGameController.h */,
				D52413561C5E33C900EB1FF4 /* PPBaseGameController.m */,
				D52413551C5E33C900EB1FF4 /* PPCityDangerController.h */,
				D52413541C5E33C900EB1FF4 /* PPCityDangerController.m */,
				D52413531C5E33C900EB1FF4 /* PPCityInfoController.h */,
				D52413521C5E33C900EB1FF4 /* PPCityInfoController.m */,
				D52413511C5E33C900EB1FF4 /* PPDangerProgressController.h */,
				D52413501C5E33C900EB1FF4 /* PPDangerProgressController.m */,
				D524134F1C5E33C900EB1FF4 /* PPDangerResultController.h */,
				D524134E1C5E33C900EB1FF4 /* PPDangerResultController.m */,
				D524134D1C5E33C900EB1FF4 /* SoundController.h */,
				D524134C1C5E33C900EB1FF4 /* SoundController.m */,
				D51D033E1C97EB6900FE1467 /* PPLibraryViewController.h */,
				D51D033F1C97EB6900FE1467 /* PPLibraryViewController.m */,
			);
			path = Controllers;
			sourceTree = "<group>";
		};
		D524125E1C5C8E9800EB1FF4 /* Frameworks */ = {
			isa = PBXGroup;
			children = (
				D52412601C5C90FF00EB1FF4 /* GameKit.framework */,
				D524124B1C5C8E2800EB1FF4 /* AssetsLibrary.framework */,
				D524124C1C5C8E2800EB1FF4 /* AudioToolbox.framework */,
				D524124D1C5C8E2800EB1FF4 /* CoreGraphics.framework */,
				D524124E1C5C8E2800EB1FF4 /* CoreImage.framework */,
				D524124F1C5C8E2800EB1FF4 /* CoreMedia.framework */,
				D52412501C5C8E2800EB1FF4 /* QuartzCore.framework */,
				D52412511C5C8E2800EB1FF4 /* SystemConfiguration.framework */,
				D52412491C5C8DE400EB1FF4 /* Foundation.framework */,
			);
			name = Frameworks;
			sourceTree = "<group>";
		};
		D52412621C5C954C00EB1FF4 /* Models */ = {
			isa = PBXGroup;
			children = (
				D5EE66F71FF2F9FE000E862B /* Google */,
				D52412631C5C956000EB1FF4 /* PPPlayer.h */,
				D52412641C5C956000EB1FF4 /* PPPlayer.m */,
				D52412661C5C958B00EB1FF4 /* PPDanger.h */,
				D52412671C5C958B00EB1FF4 /* PPDanger.m */,
				D52412761C5CC53E00EB1FF4 /* PPDangerResult.h */,
				D52412771C5CC53E00EB1FF4 /* PPDangerResult.m */,
				D52412691C5C95B500EB1FF4 /* PPAbility.h */,
				D524126A1C5C95B500EB1FF4 /* PPAbility.m */,
				D524126C1C5CA42100EB1FF4 /* PPCity.h */,
				D524126D1C5CA42100EB1FF4 /* PPCity.m */,
				D524126F1C5CAA3000EB1FF4 /* PPKingdom.h */,
				D52412701C5CAA3000EB1FF4 /* PPKingdom.m */,
				D52412721C5CACBA00EB1FF4 /* PPGame.h */,
				D52412731C5CACBA00EB1FF4 /* PPGame.m */,
				D52412791C5CCDC600EB1FF4 /* PPValue.h */,
				D524127A1C5CCDC600EB1FF4 /* PPValue.m */,
				D51D032B1C97E11700FE1467 /* PPLibraryItem.h */,
				D51D032C1C97E11700FE1467 /* PPLibraryItem.m */,
				D559CD781FBA5B400053D8C2 /* PPTable.h */,
				D559CD791FBA5B400053D8C2 /* PPTable.m */,
			);
			path = Models;
			sourceTree = "<group>";
		};
		D524127C1C5CDCBC00EB1FF4 /* ThirdParty */ = {
			isa = PBXGroup;
			children = (
				D59516F81C8C9961000C4278 /* SSPieProgressView */,
				D59516FD1C8C9961000C4278 /* TYMProgressBarView */,
				D52412991C5D685100EB1FF4 /* EAColourfulProgressView */,
				D524127D1C5CE0BF00EB1FF4 /* CHCSVParser */,
			);
			path = ThirdParty;
			sourceTree = "<group>";
		};
		D524127D1C5CE0BF00EB1FF4 /* CHCSVParser */ = {
			isa = PBXGroup;
			children = (
				D524127E1C5CE0BF00EB1FF4 /* CHCSVParser.h */,
				D524127F1C5CE0BF00EB1FF4 /* CHCSVParser.m */,
			);
			path = CHCSVParser;
			sourceTree = "<group>";
		};
		D524128C1C5D31B300EB1FF4 /* Views */ = {
			isa = PBXGroup;
			children = (
				D5CFB5101C93054A002D3E77 /* PPProgressBarView.h */,
				D5CFB5111C93054A002D3E77 /* PPProgressBarView.m */,
				5CED44F41C5E37A400D9256F /* PaperView.h */,
				5CED44F51C5E37A400D9256F /* PaperView.m */,
				D52413741C5E353300EB1FF4 /* PPCityView.h */,
				D52413731C5E353300EB1FF4 /* PPCityView.m */,
				D52413721C5E353300EB1FF4 /* PPClosePopupView.h */,
				D52413711C5E353300EB1FF4 /* PPClosePopupView.m */,
				D52413701C5E353300EB1FF4 /* PPDangerAbilityView.h */,
				D524136F1C5E353300EB1FF4 /* PPDangerAbilityView.m */,
				D524136E1C5E353300EB1FF4 /* PPDangerView.h */,
				D524136D1C5E353300EB1FF4 /* PPDangerView.m */,
				D524136C1C5E353300EB1FF4 /* PPPlayerAbilityView.h */,
				D524136B1C5E353300EB1FF4 /* PPPlayerAbilityView.m */,
				D52413681C5E353300EB1FF4 /* PPResultView.h */,
				D52413671C5E353300EB1FF4 /* PPResultView.m */,
				D5B4E0431C9150E300CDCDC0 /* PPProgressView.h */,
				D5B4E0441C9150E300CDCDC0 /* PPProgressView.m */,
			);
			path = Views;
			sourceTree = "<group>";
		};
		D52412991C5D685100EB1FF4 /* EAColourfulProgressView */ = {
			isa = PBXGroup;
			children = (
				D524129A1C5D685100EB1FF4 /* EAColourfulProgressView.h */,
				D524129B1C5D685100EB1FF4 /* EAColourfulProgressView.m */,
			);
			path = EAColourfulProgressView;
			sourceTree = "<group>";
		};
		D588F2821C84D96A0054FE61 /* Resources */ = {
			isa = PBXGroup;
			children = (
				D588F2F71C84D9940054FE61 /* Sounds */,
				D588F2FE1C84D9940054FE61 /* Fonts */,
				D588F2831C84D96A0054FE61 /* Images */,
			);
			path = Resources;
			sourceTree = "<group>";
		};
		D588F2831C84D96A0054FE61 /* Images */ = {
			isa = PBXGroup;
			children = (
				D5530FB31CA03FB10064A220 /* VillageRuined.png */,
				D5530FB41CA03FB10064A220 /* VillageRuined@2x.png */,
				D5530FB51CA03FB10064A220 /* TownRuined.png */,
				D5530FB61CA03FB10064A220 /* TownRuined@2x.png */,
				D5530FB71CA03FB10064A220 /* CapitalCityRuined.png */,
				D5530FB81CA03FB10064A220 /* CapitalCityRuined@2x.png */,
				D51D032E1C97E6C200FE1467 /* LibraryNextButton.png */,
				D51D032F1C97E6C200FE1467 /* LibraryNextButton@2x.png */,
				D51D03301C97E6C200FE1467 /* LibraryBackButton.png */,
				D51D03311C97E6C200FE1467 /* LibraryBackButton@2x.png */,
				D51D03321C97E6C200FE1467 /* LibraryPaperBg.png */,
				D51D03331C97E6C200FE1467 /* LibraryPaperBg@2x.png */,
				D51D03341C97E6C200FE1467 /* LibraryIcon.png */,
				D51D03351C97E6C200FE1467 /* LibraryIcon@2x.png */,
				D51D03251C975DD100FE1467 /* ProgressStripe.png */,
				D51D03261C975DD100FE1467 /* ProgressStripe@2x.png */,
				D588F2841C84D96A0054FE61 /* 1_1.png */,
				D588F2851C84D96A0054FE61 /* 1_2.png */,
				D588F2861C84D96A0054FE61 /* 2_1.png */,
				D588F2871C84D96A0054FE61 /* 2_2.png */,
				D588F2881C84D96A0054FE61 /* 3_1.png */,
				D588F2891C84D96A0054FE61 /* 3_2.png */,
				D588F28A1C84D96A0054FE61 /* 4_1.png */,
				D588F28B1C84D96A0054FE61 /* 4_2.png */,
				D588F28C1C84D96A0054FE61 /* 4_3.png */,
				D588F2911C84D96A0054FE61 /* AbilityButtonBg.png */,
				D588F2921C84D96A0054FE61 /* AbilityButtonBg@2x.png */,
				D55E4F801C87807600320667 /* AppealIcon.png */,
				D55E4F811C87807600320667 /* AppealIcon@2x.png */,
				D588F2931C84D96A0054FE61 /* background.png */,
				D588F2941C84D96A0054FE61 /* CapitalCity.png */,
				D588F2951C84D96A0054FE61 /* CapitalCity@2x.png */,
				D55E4F7C1C87807600320667 /* ChaosIcon.png */,
				D55E4F7D1C87807600320667 /* ChaosIcon@2x.png */,
				D5CFB4F61C930542002D3E77 /* ChaosPBIcon.png */,
				D5CFB4F71C930542002D3E77 /* ChaosPBIcon@2x.png */,
				D58AA5F91C88CFFB0051F53C /* Clock.png */,
				D58AA5FA1C88CFFB0051F53C /* Clock@2x.png */,
				D588F2961C84D96A0054FE61 /* ClosePopupIcon.png */,
				D588F2971C84D96A0054FE61 /* ClosePopupIcon@2x.png */,
				D588F2981C84D96A0054FE61 /* curse_glow.png */,
				D588F2991C84D96A0054FE61 /* curse_ground.png */,
				D588F29A1C84D96A0054FE61 /* danger_curse.png */,
				D588F29B1C84D96A0054FE61 /* danger_elements.png */,
				D588F29C1C84D96A0054FE61 /* danger_monsters.png */,
				D588F29D1C84D96A0054FE61 /* danger_plages.png */,
				D588F29E1C84D96A0054FE61 /* ending_defeat_destroyed.png */,
				D588F29F1C84D96A0054FE61 /* ending_defeat_popularity.png */,
				D588F2A01C84D96A0054FE61 /* ending_victory.png */,
				D588F2A11C84D96A0054FE61 /* GameField.png */,
				D588F2A21C84D96A0054FE61 /* GameField@2x.png */,
				D55E4F7E1C87807600320667 /* GypnosIcon.png */,
				D55E4F7F1C87807600320667 /* GypnosIcon@2x.png */,
				D5CFB4FA1C930542002D3E77 /* HypnoPBIcon.png */,
				D5CFB4FB1C930542002D3E77 /* HypnoPBIcon@2x.png */,
				D588F2A61C84D96A0054FE61 /* intro1.png */,
				D588F2A71C84D96A0054FE61 /* intro2.png */,
				D58AA6001C88DCD10051F53C /* MagIcon.png */,
				D58AA6011C88DCD10051F53C /* MagIcon@2x.png */,
				D55E4F8C1C8782F100320667 /* Patch.png */,
				D55E4F8D1C8782F100320667 /* Patch@2x.png */,
				D5CFB5001C930542002D3E77 /* PBBig.png */,
				D5CFB5011C930542002D3E77 /* PBBig@2x.png */,
				D5CFB4FE1C930542002D3E77 /* PBBigProgress.png */,
				D5CFB4FF1C930542002D3E77 /* PBBigProgress@2x.png */,
				D5CFB5151C969AE1002D3E77 /* PBMiddle.png */,
				D5CFB5161C969AE1002D3E77 /* PBMiddle@2x.png */,
				D5CFB5131C969AE1002D3E77 /* PBMiddleProgress.png */,
				D5CFB5141C969AE1002D3E77 /* PBMiddleProgress@2x.png */,
				D5B4E03F1C9148C800CDCDC0 /* PBSmall.png */,
				D5B4E0401C9148C800CDCDC0 /* PBSmall@2x.png */,
				D5CFB4FC1C930542002D3E77 /* PBSmallProgress.png */,
				D5CFB4FD1C930542002D3E77 /* PBSmallProgress@2x.png */,
				D588F2A81C84D96A0054FE61 /* PopupBg.png */,
				D588F2A91C84D96A0054FE61 /* PopupBg@2x.png */,
				D588F2AB1C84D96A0054FE61 /* RatingIcon.png */,
				D588F2AC1C84D96A0054FE61 /* RatingIcon@2x.png */,
				D55E4F781C877B5000320667 /* Stamp.png */,
				D55E4F791C877B5000320667 /* Stamp@2x.png */,
				D5CFB4F81C930542002D3E77 /* SummonPBIcon.png */,
				D5CFB4F91C930542002D3E77 /* SummonPBIcon@2x.png */,
				D55E4F821C87807600320667 /* TelekinesisIcon.png */,
				D55E4F831C87807600320667 /* TelekinesisIcon@2x.png */,
				D5CFB4F41C930542002D3E77 /* TelePBIcon.png */,
				D5CFB4F51C930542002D3E77 /* TelePBIcon@2x.png */,
				D588F2AD1C84D96A0054FE61 /* Town1City.png */,
				D588F2AE1C84D96A0054FE61 /* Town1City@2x.png */,
				D588F2AF1C84D96A0054FE61 /* Town2City.png */,
				D588F2B01C84D96A0054FE61 /* Town2City@2x.png */,
				D588F2B11C84D96A0054FE61 /* VillageFishermansCity.png */,
				D588F2B21C84D96A0054FE61 /* VillageFishermansCity@2x.png */,
				D588F2B31C84D96A0054FE61 /* VillageLumbererCity.png */,
				D588F2B41C84D96A0054FE61 /* VillageLumbererCity@2x.png */,
				D588F2B51C84D96A0054FE61 /* VillageVariorsCity.png */,
				D588F2B61C84D96A0054FE61 /* VillageVariorsCity@2x.png */,
			);
			path = Images;
			sourceTree = "<group>";
		};
		D588F2F71C84D9940054FE61 /* Sounds */ = {
			isa = PBXGroup;
			children = (
				D588F2F81C84D9940054FE61 /* battle_loosing.wav */,
				D588F2F91C84D9940054FE61 /* battle_win.wav */,
				D588F2FA1C84D9940054FE61 /* casting.m4a */,
				D588F2FB1C84D9940054FE61 /* danger_happen.wav */,
				D588F2FC1C84D9940054FE61 /* main_music.mp3 */,
				D588F2FD1C84D9940054FE61 /* time_ticking.wav */,
			);
			path = Sounds;
			sourceTree = "<group>";
		};
		D588F2FE1C84D9940054FE61 /* Fonts */ = {
			isa = PBXGroup;
			children = (
				D588F3051C84D9D00054FE61 /* DomCasual.ttf */,
				D588F3061C84D9D00054FE61 /* Lasco-Bold.otf */,
				D588F3071C84D9D00054FE61 /* Lasco-Regular.otf */,
			);
			path = Fonts;
			sourceTree = "<group>";
		};
		D59516F81C8C9961000C4278 /* SSPieProgressView */ = {
			isa = PBXGroup;
			children = (
				D59516F91C8C9961000C4278 /* SSDrawingUtilities.h */,
				D59516FA1C8C9961000C4278 /* SSDrawingUtilities.m */,
				D59516FB1C8C9961000C4278 /* SSPieProgressView.h */,
				D59516FC1C8C9961000C4278 /* SSPieProgressView.m */,
			);
			path = SSPieProgressView;
			sourceTree = "<group>";
		};
		D59516FD1C8C9961000C4278 /* TYMProgressBarView */ = {
			isa = PBXGroup;
			children = (
				D59516FE1C8C9961000C4278 /* TYMProgressBarView.h */,
				D59516FF1C8C9961000C4278 /* TYMProgressBarView.m */,
			);
			path = TYMProgressBarView;
			sourceTree = "<group>";
		};
		D5EE66F71FF2F9FE000E862B /* Google */ = {
			isa = PBXGroup;
			children = (
				D5EE66F81FF2FA5E000E862B /* PPGoogleBaseModel.h */,
				D5EE66F91FF2FA5E000E862B /* PPGoogleBaseModel.m */,
			);
			path = Google;
			sourceTree = "<group>";
		};
		DAE09AC17C6891461DA8103D /* Frameworks */ = {
			isa = PBXGroup;
			children = (
				975D19DF0B3C07815038CBBB /* libPods-TheDoomedKingdom.a */,
			);
			name = Frameworks;
			sourceTree = "<group>";
		};
/* End PBXGroup section */

/* Begin PBXNativeTarget section */
		D524122E1C5C8DBD00EB1FF4 /* TheDoomedKingdom */ = {
			isa = PBXNativeTarget;
			buildConfigurationList = D52412461C5C8DBD00EB1FF4 /* Build configuration list for PBXNativeTarget "TheDoomedKingdom" */;
			buildPhases = (
				19CDF86C46BE6980FB8C651C /* [CP] Check Pods Manifest.lock */,
				D524122B1C5C8DBD00EB1FF4 /* Sources */,
				D524122C1C5C8DBD00EB1FF4 /* Frameworks */,
				D524122D1C5C8DBD00EB1FF4 /* Resources */,
				D13CFC960947CD9FB9B5C8B8 /* [CP] Embed Pods Frameworks */,
				A49091C0DF0D76322714E49C /* [CP] Copy Pods Resources */,
			);
			buildRules = (
			);
			dependencies = (
			);
			name = TheDoomedKingdom;
			productName = TheDoomedKingdom;
			productReference = D524122F1C5C8DBD00EB1FF4 /* Calamity.app */;
			productType = "com.apple.product-type.application";
		};
/* End PBXNativeTarget section */

/* Begin PBXProject section */
		D52412271C5C8DBD00EB1FF4 /* Project object */ = {
			isa = PBXProject;
			attributes = {
				CLASSPREFIX = PP;
				LastUpgradeCheck = 0910;
				ORGANIZATIONNAME = PP;
				TargetAttributes = {
					D524122E1C5C8DBD00EB1FF4 = {
						CreatedOnToolsVersion = 7.2;
						DevelopmentTeam = 32HRM4B73R;
					};
				};
			};
			buildConfigurationList = D524122A1C5C8DBD00EB1FF4 /* Build configuration list for PBXProject "TheDoomedKingdom" */;
			compatibilityVersion = "Xcode 3.2";
			developmentRegion = English;
			hasScannedForEncodings = 0;
			knownRegions = (
				en,
				Base,
			);
			mainGroup = D52412261C5C8DBD00EB1FF4;
			productRefGroup = D52412301C5C8DBD00EB1FF4 /* Products */;
			projectDirPath = "";
			projectRoot = "";
			targets = (
				D524122E1C5C8DBD00EB1FF4 /* TheDoomedKingdom */,
			);
		};
/* End PBXProject section */

/* Begin PBXResourcesBuildPhase section */
		D524122D1C5C8DBD00EB1FF4 /* Resources */ = {
			isa = PBXResourcesBuildPhase;
			buildActionMask = 2147483647;
			files = (
				D5530FBB1CA03FB10064A220 /* TownRuined.png in Resources */,
				D5CFB5081C930542002D3E77 /* HypnoPBIcon.png in Resources */,
				D51D03381C97E6C200FE1467 /* LibraryBackButton.png in Resources */,
				D588F2C61C84D96A0054FE61 /* 4_3.png in Resources */,
				D588F2CF1C84D96A0054FE61 /* CapitalCity@2x.png in Resources */,
				D588F3041C84D9940054FE61 /* time_ticking.wav in Resources */,
				D588F3031C84D9940054FE61 /* main_music.mp3 in Resources */,
				D588F2BF1C84D96A0054FE61 /* 1_2.png in Resources */,
				D5CFB50F1C930542002D3E77 /* PBBig@2x.png in Resources */,
				D55E4F891C87807600320667 /* AppealIcon@2x.png in Resources */,
				D57C36581C85C8BB006CBA2D /* DomCasual.ttf in Resources */,
				D55E4F881C87807600320667 /* AppealIcon.png in Resources */,
				D58AA6021C88DCD10051F53C /* MagIcon.png in Resources */,
				D588F2E51C84D96A0054FE61 /* RatingIcon.png in Resources */,
				D55E4F7B1C877B5000320667 /* Stamp@2x.png in Resources */,
				D588F2C11C84D96A0054FE61 /* 2_2.png in Resources */,
				D5530FB91CA03FB10064A220 /* VillageRuined.png in Resources */,
				D588F3021C84D9940054FE61 /* danger_happen.wav in Resources */,
				D52412A71C5DE81C00EB1FF4 /* cities.tsv in Resources */,
				D588F2CB1C84D96A0054FE61 /* AbilityButtonBg.png in Resources */,
				D588F2E81C84D96A0054FE61 /* Town1City@2x.png in Resources */,
				D588F2C51C84D96A0054FE61 /* 4_2.png in Resources */,
				D588F2EB1C84D96A0054FE61 /* VillageFishermansCity.png in Resources */,
				D588F2E21C84D96A0054FE61 /* PopupBg.png in Resources */,
				D588F2FF1C84D9940054FE61 /* battle_loosing.wav in Resources */,
				D5B4E0421C9148C800CDCDC0 /* PBSmall@2x.png in Resources */,
				D588F2D31C84D96A0054FE61 /* curse_ground.png in Resources */,
				D5CFB50B1C930542002D3E77 /* PBSmallProgress@2x.png in Resources */,
				D5CFB5061C930542002D3E77 /* SummonPBIcon.png in Resources */,
				D55E4F871C87807600320667 /* GypnosIcon@2x.png in Resources */,
				D5530FBA1CA03FB10064A220 /* VillageRuined@2x.png in Resources */,
				D588F2C01C84D96A0054FE61 /* 2_1.png in Resources */,
				D51D03281C975DD100FE1467 /* ProgressStripe@2x.png in Resources */,
				D588F2D81C84D96A0054FE61 /* ending_defeat_destroyed.png in Resources */,
				D588F2EE1C84D96A0054FE61 /* VillageLumbererCity@2x.png in Resources */,
				D588F2CE1C84D96A0054FE61 /* CapitalCity.png in Resources */,
				D5B4E0411C9148C800CDCDC0 /* PBSmall.png in Resources */,
				D5CFB5091C930542002D3E77 /* HypnoPBIcon@2x.png in Resources */,
				D588F2D11C84D96A0054FE61 /* ClosePopupIcon@2x.png in Resources */,
				D588F2D41C84D96A0054FE61 /* danger_curse.png in Resources */,
				D5530FBE1CA03FB10064A220 /* CapitalCityRuined@2x.png in Resources */,
				D5CFB5191C969AE1002D3E77 /* PBMiddle.png in Resources */,
				D57C365A1C85C8BB006CBA2D /* Lasco-Regular.otf in Resources */,
				D5CFB5071C930542002D3E77 /* SummonPBIcon@2x.png in Resources */,
				D5CFB50D1C930542002D3E77 /* PBBigProgress@2x.png in Resources */,
				D588F2C41C84D96A0054FE61 /* 4_1.png in Resources */,
				D51D03391C97E6C200FE1467 /* LibraryBackButton@2x.png in Resources */,
				D52412421C5C8DBD00EB1FF4 /* LaunchScreen.storyboard in Resources */,
				D55E4F851C87807600320667 /* ChaosIcon@2x.png in Resources */,
				D5CFB5041C930542002D3E77 /* ChaosPBIcon.png in Resources */,
				D5CFB50E1C930542002D3E77 /* PBBig.png in Resources */,
				D55E4F841C87807600320667 /* ChaosIcon.png in Resources */,
				D588F2E01C84D96A0054FE61 /* intro1.png in Resources */,
				D5CFB5021C930542002D3E77 /* TelePBIcon.png in Resources */,
				D588F2D61C84D96A0054FE61 /* danger_monsters.png in Resources */,
				D588F2D01C84D96A0054FE61 /* ClosePopupIcon.png in Resources */,
				D588F2E71C84D96A0054FE61 /* Town1City.png in Resources */,
				D588F3011C84D9940054FE61 /* casting.m4a in Resources */,
				D588F2EF1C84D96A0054FE61 /* VillageVariorsCity.png in Resources */,
				D51D032A1C97E0A700FE1467 /* library.tsv in Resources */,
				D58AA6031C88DCD10051F53C /* MagIcon@2x.png in Resources */,
				D55E4F8F1C8782F100320667 /* Patch@2x.png in Resources */,
				D51D033C1C97E6C200FE1467 /* LibraryIcon.png in Resources */,
				D52412A91C5DE8B500EB1FF4 /* dangers.tsv in Resources */,
				D588F2D71C84D96A0054FE61 /* danger_plages.png in Resources */,
				D588F2ED1C84D96A0054FE61 /* VillageLumbererCity.png in Resources */,
				D55E4F7A1C877B5000320667 /* Stamp.png in Resources */,
				D5530FBD1CA03FB10064A220 /* CapitalCityRuined.png in Resources */,
				D51D03361C97E6C200FE1467 /* LibraryNextButton.png in Resources */,
				D588F2BE1C84D96A0054FE61 /* 1_1.png in Resources */,
				D55E4F8E1C8782F100320667 /* Patch.png in Resources */,
				D57C36591C85C8BB006CBA2D /* Lasco-Bold.otf in Resources */,
				D588F2C31C84D96A0054FE61 /* 3_2.png in Resources */,
				D51D033A1C97E6C200FE1467 /* LibraryPaperBg.png in Resources */,
				D51D033B1C97E6C200FE1467 /* LibraryPaperBg@2x.png in Resources */,
				D55E4F8A1C87807600320667 /* TelekinesisIcon.png in Resources */,
				D588F2D21C84D96A0054FE61 /* curse_glow.png in Resources */,
				D588F2DA1C84D96A0054FE61 /* ending_victory.png in Resources */,
				D55E4F861C87807600320667 /* GypnosIcon.png in Resources */,
				D524123F1C5C8DBD00EB1FF4 /* Assets.xcassets in Resources */,
				D588F2E31C84D96A0054FE61 /* PopupBg@2x.png in Resources */,
				D58AA5FB1C88CFFB0051F53C /* Clock.png in Resources */,
				5CED44FA1C5E3FD100D9256F /* Images.xcassets in Resources */,
				D55E4F8B1C87807600320667 /* TelekinesisIcon@2x.png in Resources */,
				D51D03371C97E6C200FE1467 /* LibraryNextButton@2x.png in Resources */,
				D588F2C21C84D96A0054FE61 /* 3_1.png in Resources */,
				D588F2DC1C84D96A0054FE61 /* GameField@2x.png in Resources */,
				D5CFB5181C969AE1002D3E77 /* PBMiddleProgress@2x.png in Resources */,
				D588F2F01C84D96A0054FE61 /* VillageVariorsCity@2x.png in Resources */,
				D5CFB50A1C930542002D3E77 /* PBSmallProgress.png in Resources */,
				D52412AB1C5DE92700EB1FF4 /* replics.tsv in Resources */,
				D588F2D91C84D96A0054FE61 /* ending_defeat_popularity.png in Resources */,
				D5CFB5031C930542002D3E77 /* TelePBIcon@2x.png in Resources */,
				D588F2CC1C84D96A0054FE61 /* AbilityButtonBg@2x.png in Resources */,
				D51D03271C975DD100FE1467 /* ProgressStripe.png in Resources */,
				D5CFB51A1C969AE1002D3E77 /* PBMiddle@2x.png in Resources */,
				D58AA5FC1C88CFFB0051F53C /* Clock@2x.png in Resources */,
				D5CFB50C1C930542002D3E77 /* PBBigProgress.png in Resources */,
				D588F2D51C84D96A0054FE61 /* danger_elements.png in Resources */,
				D588F2EC1C84D96A0054FE61 /* VillageFishermansCity@2x.png in Resources */,
				D51D033D1C97E6C200FE1467 /* LibraryIcon@2x.png in Resources */,
				D588F2E91C84D96A0054FE61 /* Town2City.png in Resources */,
				D588F2DB1C84D96A0054FE61 /* GameField.png in Resources */,
				D588F2E61C84D96A0054FE61 /* RatingIcon@2x.png in Resources */,
				D5530FBC1CA03FB10064A220 /* TownRuined@2x.png in Resources */,
				D588F3001C84D9940054FE61 /* battle_win.wav in Resources */,
				D588F2EA1C84D96A0054FE61 /* Town2City@2x.png in Resources */,
				D5CFB5051C930542002D3E77 /* ChaosPBIcon@2x.png in Resources */,
				D524123D1C5C8DBD00EB1FF4 /* Main.storyboard in Resources */,
				D588F2E11C84D96A0054FE61 /* intro2.png in Resources */,
				D5CFB5171C969AE1002D3E77 /* PBMiddleProgress.png in Resources */,
				D588F2CD1C84D96A0054FE61 /* background.png in Resources */,
			);
			runOnlyForDeploymentPostprocessing = 0;
		};
/* End PBXResourcesBuildPhase section */

/* Begin PBXShellScriptBuildPhase section */
		19CDF86C46BE6980FB8C651C /* [CP] Check Pods Manifest.lock */ = {
			isa = PBXShellScriptBuildPhase;
			buildActionMask = 2147483647;
			files = (
			);
			inputPaths = (
				"${PODS_PODFILE_DIR_PATH}/Podfile.lock",
				"${PODS_ROOT}/Manifest.lock",
			);
			name = "[CP] Check Pods Manifest.lock";
			outputPaths = (
				"$(DERIVED_FILE_DIR)/Pods-TheDoomedKingdom-checkManifestLockResult.txt",
			);
			runOnlyForDeploymentPostprocessing = 0;
			shellPath = /bin/sh;
			shellScript = "diff \"${PODS_PODFILE_DIR_PATH}/Podfile.lock\" \"${PODS_ROOT}/Manifest.lock\" > /dev/null\nif [ $? != 0 ] ; then\n    # print error to STDERR\n    echo \"error: The sandbox is not in sync with the Podfile.lock. Run 'pod install' or update your CocoaPods installation.\" >&2\n    exit 1\nfi\n# This output is used by Xcode 'outputs' to avoid re-running this script phase.\necho \"SUCCESS\" > \"${SCRIPT_OUTPUT_FILE_0}\"\n";
			showEnvVarsInLog = 0;
		};
		A49091C0DF0D76322714E49C /* [CP] Copy Pods Resources */ = {
			isa = PBXShellScriptBuildPhase;
			buildActionMask = 2147483647;
			files = (
			);
			inputPaths = (
				"${SRCROOT}/Pods/Target Support Files/Pods-TheDoomedKingdom/Pods-TheDoomedKingdom-resources.sh",
				"${PODS_ROOT}/SVProgressHUD/SVProgressHUD/SVProgressHUD.bundle",
			);
			name = "[CP] Copy Pods Resources";
			outputPaths = (
				"${TARGET_BUILD_DIR}/${UNLOCALIZED_RESOURCES_FOLDER_PATH}",
			);
			runOnlyForDeploymentPostprocessing = 0;
			shellPath = /bin/sh;
			shellScript = "\"${SRCROOT}/Pods/Target Support Files/Pods-TheDoomedKingdom/Pods-TheDoomedKingdom-resources.sh\"\n";
			showEnvVarsInLog = 0;
		};
		D13CFC960947CD9FB9B5C8B8 /* [CP] Embed Pods Frameworks */ = {
			isa = PBXShellScriptBuildPhase;
			buildActionMask = 2147483647;
			files = (
			);
			inputPaths = (
			);
			name = "[CP] Embed Pods Frameworks";
			outputPaths = (
			);
			runOnlyForDeploymentPostprocessing = 0;
			shellPath = /bin/sh;
			shellScript = "\"${SRCROOT}/Pods/Target Support Files/Pods-TheDoomedKingdom/Pods-TheDoomedKingdom-frameworks.sh\"\n";
			showEnvVarsInLog = 0;
		};
/* End PBXShellScriptBuildPhase section */

/* Begin PBXSourcesBuildPhase section */
		D524122B1C5C8DBD00EB1FF4 /* Sources */ = {
			isa = PBXSourcesBuildPhase;
			buildActionMask = 2147483647;
			files = (
				D524126E1C5CA42100EB1FF4 /* PPCity.m in Sources */,
				D524126B1C5C95B500EB1FF4 /* PPAbility.m in Sources */,
				D51D03401C97EB6900FE1467 /* PPLibraryViewController.m in Sources */,
				D52413631C5E33C900EB1FF4 /* PPBaseGameController.m in Sources */,
				D52412371C5C8DBD00EB1FF4 /* AppDelegate.m in Sources */,
				D52412651C5C956000EB1FF4 /* PPPlayer.m in Sources */,
				D51D032D1C97E11700FE1467 /* PPLibraryItem.m in Sources */,
				D524135F1C5E33C900EB1FF4 /* PPDangerResultController.m in Sources */,
				D52413771C5E353300EB1FF4 /* PPPlayerAbilityView.m in Sources */,
				D52413661C5E33C900EB1FF4 /* EndingsViewController.m in Sources */,
				D52413641C5E33C900EB1FF4 /* IntroViewController.m in Sources */,
				D52413781C5E353300EB1FF4 /* PPDangerView.m in Sources */,
				D559CD7A1FBA5B400053D8C2 /* PPTable.m in Sources */,
				D59517021C8C9961000C4278 /* TYMProgressBarView.m in Sources */,
				D59517011C8C9961000C4278 /* SSPieProgressView.m in Sources */,
				D52412341C5C8DBD00EB1FF4 /* main.m in Sources */,
				D52413751C5E353300EB1FF4 /* PPResultView.m in Sources */,
				D52413621C5E33C900EB1FF4 /* PPCityDangerController.m in Sources */,
				D52413791C5E353300EB1FF4 /* PPDangerAbilityView.m in Sources */,
				D52413611C5E33C900EB1FF4 /* PPCityInfoController.m in Sources */,
				D52412681C5C958B00EB1FF4 /* PPDanger.m in Sources */,
				D52413651C5E33C900EB1FF4 /* EndingViewController.m in Sources */,
				D5CFB5121C93054A002D3E77 /* PPProgressBarView.m in Sources */,
				D52412741C5CACBA00EB1FF4 /* PPGame.m in Sources */,
				D524137B1C5E353300EB1FF4 /* PPCityView.m in Sources */,
				D52412801C5CE0BF00EB1FF4 /* CHCSVParser.m in Sources */,
				D524127B1C5CCDC600EB1FF4 /* PPValue.m in Sources */,
				D524135E1C5E33C900EB1FF4 /* SoundController.m in Sources */,
				D52413601C5E33C900EB1FF4 /* PPDangerProgressController.m in Sources */,
				D524129C1C5D685100EB1FF4 /* EAColourfulProgressView.m in Sources */,
				D524137A1C5E353300EB1FF4 /* PPClosePopupView.m in Sources */,
				D59517001C8C9961000C4278 /* SSDrawingUtilities.m in Sources */,
				D52412711C5CAA3000EB1FF4 /* PPKingdom.m in Sources */,
				D52412781C5CC53E00EB1FF4 /* PPDangerResult.m in Sources */,
				D5B4E0451C9150E300CDCDC0 /* PPProgressView.m in Sources */,
				D5EE66FA1FF2FA5E000E862B /* PPGoogleBaseModel.m in Sources */,
			);
			runOnlyForDeploymentPostprocessing = 0;
		};
/* End PBXSourcesBuildPhase section */

/* Begin PBXVariantGroup section */
		D524123B1C5C8DBD00EB1FF4 /* Main.storyboard */ = {
			isa = PBXVariantGroup;
			children = (
				D524123C1C5C8DBD00EB1FF4 /* Base */,
			);
			name = Main.storyboard;
			sourceTree = "<group>";
		};
		D52412401C5C8DBD00EB1FF4 /* LaunchScreen.storyboard */ = {
			isa = PBXVariantGroup;
			children = (
				D52412411C5C8DBD00EB1FF4 /* Base */,
			);
			name = LaunchScreen.storyboard;
			sourceTree = "<group>";
		};
/* End PBXVariantGroup section */

/* Begin XCBuildConfiguration section */
		D52412441C5C8DBD00EB1FF4 /* Debug */ = {
			isa = XCBuildConfiguration;
			buildSettings = {
				ALWAYS_SEARCH_USER_PATHS = NO;
				CLANG_CXX_LANGUAGE_STANDARD = "gnu++0x";
				CLANG_CXX_LIBRARY = "libc++";
				CLANG_ENABLE_MODULES = YES;
				CLANG_ENABLE_OBJC_ARC = YES;
				CLANG_WARN_BLOCK_CAPTURE_AUTORELEASING = YES;
				CLANG_WARN_BOOL_CONVERSION = YES;
				CLANG_WARN_COMMA = YES;
				CLANG_WARN_CONSTANT_CONVERSION = YES;
				CLANG_WARN_DIRECT_OBJC_ISA_USAGE = YES_ERROR;
				CLANG_WARN_EMPTY_BODY = YES;
				CLANG_WARN_ENUM_CONVERSION = YES;
				CLANG_WARN_INFINITE_RECURSION = YES;
				CLANG_WARN_INT_CONVERSION = YES;
				CLANG_WARN_NON_LITERAL_NULL_CONVERSION = YES;
				CLANG_WARN_OBJC_LITERAL_CONVERSION = YES;
				CLANG_WARN_OBJC_ROOT_CLASS = YES_ERROR;
				CLANG_WARN_RANGE_LOOP_ANALYSIS = YES;
				CLANG_WARN_STRICT_PROTOTYPES = YES;
				CLANG_WARN_SUSPICIOUS_MOVE = YES;
				CLANG_WARN_UNREACHABLE_CODE = YES;
				CLANG_WARN__DUPLICATE_METHOD_MATCH = YES;
				"CODE_SIGN_IDENTITY[sdk=iphoneos*]" = "iPhone Developer";
				COPY_PHASE_STRIP = NO;
				DEBUG_INFORMATION_FORMAT = dwarf;
				ENABLE_STRICT_OBJC_MSGSEND = YES;
				ENABLE_TESTABILITY = YES;
				GCC_C_LANGUAGE_STANDARD = gnu99;
				GCC_DYNAMIC_NO_PIC = NO;
				GCC_NO_COMMON_BLOCKS = YES;
				GCC_OPTIMIZATION_LEVEL = 0;
				GCC_PREPROCESSOR_DEFINITIONS = (
					"DEBUG=1",
					"$(inherited)",
				);
				GCC_WARN_64_TO_32_BIT_CONVERSION = YES;
				GCC_WARN_ABOUT_RETURN_TYPE = YES_ERROR;
				GCC_WARN_UNDECLARED_SELECTOR = YES;
				GCC_WARN_UNINITIALIZED_AUTOS = YES_AGGRESSIVE;
				GCC_WARN_UNUSED_FUNCTION = YES;
				GCC_WARN_UNUSED_VARIABLE = YES;
				IPHONEOS_DEPLOYMENT_TARGET = 8.0;
				MTL_ENABLE_DEBUG_INFO = YES;
				ONLY_ACTIVE_ARCH = YES;
				SDKROOT = iphoneos;
				TARGETED_DEVICE_FAMILY = 2;
			};
			name = Debug;
		};
		D52412451C5C8DBD00EB1FF4 /* Release */ = {
			isa = XCBuildConfiguration;
			buildSettings = {
				ALWAYS_SEARCH_USER_PATHS = NO;
				CLANG_CXX_LANGUAGE_STANDARD = "gnu++0x";
				CLANG_CXX_LIBRARY = "libc++";
				CLANG_ENABLE_MODULES = YES;
				CLANG_ENABLE_OBJC_ARC = YES;
				CLANG_WARN_BLOCK_CAPTURE_AUTORELEASING = YES;
				CLANG_WARN_BOOL_CONVERSION = YES;
				CLANG_WARN_COMMA = YES;
				CLANG_WARN_CONSTANT_CONVERSION = YES;
				CLANG_WARN_DIRECT_OBJC_ISA_USAGE = YES_ERROR;
				CLANG_WARN_EMPTY_BODY = YES;
				CLANG_WARN_ENUM_CONVERSION = YES;
				CLANG_WARN_INFINITE_RECURSION = YES;
				CLANG_WARN_INT_CONVERSION = YES;
				CLANG_WARN_NON_LITERAL_NULL_CONVERSION = YES;
				CLANG_WARN_OBJC_LITERAL_CONVERSION = YES;
				CLANG_WARN_OBJC_ROOT_CLASS = YES_ERROR;
				CLANG_WARN_RANGE_LOOP_ANALYSIS = YES;
				CLANG_WARN_STRICT_PROTOTYPES = YES;
				CLANG_WARN_SUSPICIOUS_MOVE = YES;
				CLANG_WARN_UNREACHABLE_CODE = YES;
				CLANG_WARN__DUPLICATE_METHOD_MATCH = YES;
				"CODE_SIGN_IDENTITY[sdk=iphoneos*]" = "iPhone Developer";
				COPY_PHASE_STRIP = NO;
				DEBUG_INFORMATION_FORMAT = "dwarf-with-dsym";
				ENABLE_NS_ASSERTIONS = NO;
				ENABLE_STRICT_OBJC_MSGSEND = YES;
				GCC_C_LANGUAGE_STANDARD = gnu99;
				GCC_NO_COMMON_BLOCKS = YES;
				GCC_WARN_64_TO_32_BIT_CONVERSION = YES;
				GCC_WARN_ABOUT_RETURN_TYPE = YES_ERROR;
				GCC_WARN_UNDECLARED_SELECTOR = YES;
				GCC_WARN_UNINITIALIZED_AUTOS = YES_AGGRESSIVE;
				GCC_WARN_UNUSED_FUNCTION = YES;
				GCC_WARN_UNUSED_VARIABLE = YES;
				IPHONEOS_DEPLOYMENT_TARGET = 8.0;
				MTL_ENABLE_DEBUG_INFO = NO;
				SDKROOT = iphoneos;
				TARGETED_DEVICE_FAMILY = 2;
				VALIDATE_PRODUCT = YES;
			};
			name = Release;
		};
		D52412471C5C8DBD00EB1FF4 /* Debug */ = {
			isa = XCBuildConfiguration;
			baseConfigurationReference = ED32AF1F93B64CC5D4F1788A /* Pods-TheDoomedKingdom.debug.xcconfig */;
			buildSettings = {
				ASSETCATALOG_COMPILER_APPICON_NAME = AppIcon;
				ASSETCATALOG_COMPILER_LAUNCHIMAGE_NAME = "Brand Assets";
				CODE_SIGN_IDENTITY = "iPhone Developer";
				"CODE_SIGN_IDENTITY[sdk=iphoneos*]" = "iPhone Developer";
				DEVELOPMENT_TEAM = 32HRM4B73R;
				GCC_PRECOMPILE_PREFIX_HEADER = YES;
				GCC_PREFIX_HEADER = TheDoomedKingdom/PPCalamityKingdom.pch;
				INFOPLIST_FILE = TheDoomedKingdom/Info.plist;
				IPHONEOS_DEPLOYMENT_TARGET = 8.0;
				LD_RUNPATH_SEARCH_PATHS = "$(inherited) @executable_path/Frameworks";
				PRODUCT_BUNDLE_IDENTIFIER = com.calamity.kingdom;
				PRODUCT_NAME = Calamity;
				PROVISIONING_PROFILE = "";
			};
			name = Debug;
		};
		D52412481C5C8DBD00EB1FF4 /* Release */ = {
			isa = XCBuildConfiguration;
			baseConfigurationReference = DEB8AAEF6ADD4DBF62811809 /* Pods-TheDoomedKingdom.release.xcconfig */;
			buildSettings = {
				ASSETCATALOG_COMPILER_APPICON_NAME = AppIcon;
				ASSETCATALOG_COMPILER_LAUNCHIMAGE_NAME = "Brand Assets";
				CODE_SIGN_IDENTITY = "iPhone Developer";
				"CODE_SIGN_IDENTITY[sdk=iphoneos*]" = "iPhone Developer";
				DEVELOPMENT_TEAM = 32HRM4B73R;
				GCC_PRECOMPILE_PREFIX_HEADER = YES;
				GCC_PREFIX_HEADER = TheDoomedKingdom/PPCalamityKingdom.pch;
				INFOPLIST_FILE = TheDoomedKingdom/Info.plist;
				IPHONEOS_DEPLOYMENT_TARGET = 8.0;
				LD_RUNPATH_SEARCH_PATHS = "$(inherited) @executable_path/Frameworks";
				PRODUCT_BUNDLE_IDENTIFIER = com.calamity.kingdom;
				PRODUCT_NAME = Calamity;
				PROVISIONING_PROFILE = "";
			};
			name = Release;
		};
/* End XCBuildConfiguration section */

/* Begin XCConfigurationList section */
		D524122A1C5C8DBD00EB1FF4 /* Build configuration list for PBXProject "TheDoomedKingdom" */ = {
			isa = XCConfigurationList;
			buildConfigurations = (
				D52412441C5C8DBD00EB1FF4 /* Debug */,
				D52412451C5C8DBD00EB1FF4 /* Release */,
			);
			defaultConfigurationIsVisible = 0;
			defaultConfigurationName = Release;
		};
		D52412461C5C8DBD00EB1FF4 /* Build configuration list for PBXNativeTarget "TheDoomedKingdom" */ = {
			isa = XCConfigurationList;
			buildConfigurations = (
				D52412471C5C8DBD00EB1FF4 /* Debug */,
				D52412481C5C8DBD00EB1FF4 /* Release */,
			);
			defaultConfigurationIsVisible = 0;
			defaultConfigurationName = Release;
		};
/* End XCConfigurationList section */
	};
	rootObject = D52412271C5C8DBD00EB1FF4 /* Project object */;
}
